// !$*UTF8*$!
{
	archiveVersion = 1;
	classes = {
	};
	objectVersion = 50;
	objects = {

/* Begin PBXBuildFile section */
		8820004226E251E4001D1296 /* AppDelegate.swift in Sources */ = {isa = PBXBuildFile; fileRef = 8820004126E251E4001D1296 /* AppDelegate.swift */; };
		8820004426E251E4001D1296 /* SceneDelegate.swift in Sources */ = {isa = PBXBuildFile; fileRef = 8820004326E251E4001D1296 /* SceneDelegate.swift */; };
		8820004626E251E4001D1296 /* ContentView.swift in Sources */ = {isa = PBXBuildFile; fileRef = 8820004526E251E4001D1296 /* ContentView.swift */; };
		8820004826E251E4001D1296 /* Assets.xcassets in Resources */ = {isa = PBXBuildFile; fileRef = 8820004726E251E4001D1296 /* Assets.xcassets */; };
		8820004B26E251E4001D1296 /* Preview Assets.xcassets in Resources */ = {isa = PBXBuildFile; fileRef = 8820004A26E251E4001D1296 /* Preview Assets.xcassets */; };
		8820004E26E251E4001D1296 /* LaunchScreen.storyboard in Resources */ = {isa = PBXBuildFile; fileRef = 8820004C26E251E4001D1296 /* LaunchScreen.storyboard */; };
		8820005626E251F5001D1296 /* explain in Resources */ = {isa = PBXBuildFile; fileRef = 8820005526E251F5001D1296 /* explain */; };
/* End PBXBuildFile section */

/* Begin PBXFileReference section */
		8820003E26E251E4001D1296 /* 11. SwfitUI-State.app */ = {isa = PBXFileReference; explicitFileType = wrapper.application; includeInIndex = 0; path = "11. SwfitUI-State.app"; sourceTree = BUILT_PRODUCTS_DIR; };
		8820004126E251E4001D1296 /* AppDelegate.swift */ = {isa = PBXFileReference; lastKnownFileType = sourcecode.swift; path = AppDelegate.swift; sourceTree = "<group>"; };
		8820004326E251E4001D1296 /* SceneDelegate.swift */ = {isa = PBXFileReference; lastKnownFileType = sourcecode.swift; path = SceneDelegate.swift; sourceTree = "<group>"; };
		8820004526E251E4001D1296 /* ContentView.swift */ = {isa = PBXFileReference; lastKnownFileType = sourcecode.swift; path = ContentView.swift; sourceTree = "<group>"; };
		8820004726E251E4001D1296 /* Assets.xcassets */ = {isa = PBXFileReference; lastKnownFileType = folder.assetcatalog; path = Assets.xcassets; sourceTree = "<group>"; };
		8820004A26E251E4001D1296 /* Preview Assets.xcassets */ = {isa = PBXFileReference; lastKnownFileType = folder.assetcatalog; path = "Preview Assets.xcassets"; sourceTree = "<group>"; };
		8820004D26E251E4001D1296 /* Base */ = {isa = PBXFileReference; lastKnownFileType = file.storyboard; name = Base; path = Base.lproj/LaunchScreen.storyboard; sourceTree = "<group>"; };
		8820004F26E251E4001D1296 /* Info.plist */ = {isa = PBXFileReference; lastKnownFileType = text.plist.xml; path = Info.plist; sourceTree = "<group>"; };
		8820005526E251F5001D1296 /* explain */ = {isa = PBXFileReference; lastKnownFileType = text; path = explain; sourceTree = "<group>"; };
/* End PBXFileReference section */

/* Begin PBXFrameworksBuildPhase section */
		8820003B26E251E4001D1296 /* Frameworks */ = {
			isa = PBXFrameworksBuildPhase;
			buildActionMask = 2147483647;
			files = (
			);
			runOnlyForDeploymentPostprocessing = 0;
		};
/* End PBXFrameworksBuildPhase section */

/* Begin PBXGroup section */
		8820003526E251E4001D1296 = {
			isa = PBXGroup;
			children = (
				8820004026E251E4001D1296 /* 11. SwfitUI-State */,
				8820003F26E251E4001D1296 /* Products */,
			);
			sourceTree = "<group>";
		};
		8820003F26E251E4001D1296 /* Products */ = {
			isa = PBXGroup;
			children = (
				8820003E26E251E4001D1296 /* 11. SwfitUI-State.app */,
			);
			name = Products;
			sourceTree = "<group>";
		};
		8820004026E251E4001D1296 /* 11. SwfitUI-State */ = {
			isa = PBXGroup;
			children = (
				8820004126E251E4001D1296 /* AppDelegate.swift */,
				8820004326E251E4001D1296 /* SceneDelegate.swift */,
				8820004526E251E4001D1296 /* ContentView.swift */,
				8820004726E251E4001D1296 /* Assets.xcassets */,
				8820004C26E251E4001D1296 /* LaunchScreen.storyboard */,
				8820004F26E251E4001D1296 /* Info.plist */,
				8820004926E251E4001D1296 /* Preview Content */,
				8820005526E251F5001D1296 /* explain */,
			);
			path = "11. SwfitUI-State";
			sourceTree = "<group>";
		};
		8820004926E251E4001D1296 /* Preview Content */ = {
			isa = PBXGroup;
			children = (
				8820004A26E251E4001D1296 /* Preview Assets.xcassets */,
			);
			path = "Preview Content";
			sourceTree = "<group>";
		};
/* End PBXGroup section */

/* Begin PBXNativeTarget section */
		8820003D26E251E4001D1296 /* 11. SwfitUI-State */ = {
			isa = PBXNativeTarget;
			buildConfigurationList = 8820005226E251E4001D1296 /* Build configuration list for PBXNativeTarget "11. SwfitUI-State" */;
			buildPhases = (
				8820003A26E251E4001D1296 /* Sources */,
				8820003B26E251E4001D1296 /* Frameworks */,
				8820003C26E251E4001D1296 /* Resources */,
			);
			buildRules = (
			);
			dependencies = (
			);
			name = "11. SwfitUI-State";
			productName = "11. SwfitUI-State";
			productReference = 8820003E26E251E4001D1296 /* 11. SwfitUI-State.app */;
			productType = "com.apple.product-type.application";
		};
/* End PBXNativeTarget section */

/* Begin PBXProject section */
		8820003626E251E4001D1296 /* Project object */ = {
			isa = PBXProject;
			attributes = {
				LastSwiftUpdateCheck = 1140;
				LastUpgradeCheck = 1140;
				ORGANIZATIONNAME = Mirror;
				TargetAttributes = {
					8820003D26E251E4001D1296 = {
						CreatedOnToolsVersion = 11.4;
					};
				};
			};
			buildConfigurationList = 8820003926E251E4001D1296 /* Build configuration list for PBXProject "11. SwfitUI-State" */;
			compatibilityVersion = "Xcode 9.3";
			developmentRegion = en;
			hasScannedForEncodings = 0;
			knownRegions = (
				en,
				Base,
			);
			mainGroup = 8820003526E251E4001D1296;
			productRefGroup = 8820003F26E251E4001D1296 /* Products */;
			projectDirPath = "";
			projectRoot = "";
			targets = (
				8820003D26E251E4001D1296 /* 11. SwfitUI-State */,
			);
		};
/* End PBXProject section */

/* Begin PBXResourcesBuildPhase section */
		8820003C26E251E4001D1296 /* Resources */ = {
			isa = PBXResourcesBuildPhase;
			buildActionMask = 2147483647;
			files = (
				8820005626E251F5001D1296 /* explain in Resources */,
				8820004E26E251E4001D1296 /* LaunchScreen.storyboard in Resources */,
				8820004B26E251E4001D1296 /* Preview Assets.xcassets in Resources */,
				8820004826E251E4001D1296 /* Assets.xcassets in Resources */,
			);
			runOnlyForDeploymentPostprocessing = 0;
		};
/* End PBXResourcesBuildPhase section */

/* Begin PBXSourcesBuildPhase section */
		8820003A26E251E4001D1296 /* Sources */ = {
			isa = PBXSourcesBuildPhase;
			buildActionMask = 2147483647;
			files = (
				8820004226E251E4001D1296 /* AppDelegate.swift in Sources */,
				8820004426E251E4001D1296 /* SceneDelegate.swift in Sources */,
				8820004626E251E4001D1296 /* ContentView.swift in Sources */,
			);
			runOnlyForDeploymentPostprocessing = 0;
		};
/* End PBXSourcesBuildPhase section */

/* Begin PBXVariantGroup section */
		8820004C26E251E4001D1296 /* LaunchScreen.storyboard */ = {
			isa = PBXVariantGroup;
			children = (
				8820004D26E251E4001D1296 /* Base */,
			);
			name = LaunchScreen.storyboard;
			sourceTree = "<group>";
		};
/* End PBXVariantGroup section */

/* Begin XCBuildConfiguration section */
		8820005026E251E4001D1296 /* Debug */ = {
			isa = XCBuildConfiguration;
			buildSettings = {
				ALWAYS_SEARCH_USER_PATHS = NO;
				CLANG_ANALYZER_NONNULL = YES;
				CLANG_ANALYZER_NUMBER_OBJECT_CONVERSION = YES_AGGRESSIVE;
				CLANG_CXX_LANGUAGE_STANDARD = "gnu++14";
				CLANG_CXX_LIBRARY = "libc++";
				CLANG_ENABLE_MODULES = YES;
				CLANG_ENABLE_OBJC_ARC = YES;
				CLANG_ENABLE_OBJC_WEAK = YES;
				CLANG_WARN_BLOCK_CAPTURE_AUTORELEASING = YES;
				CLANG_WARN_BOOL_CONVERSION = YES;
				CLANG_WARN_COMMA = YES;
				CLANG_WARN_CONSTANT_CONVERSION = YES;
				CLANG_WARN_DEPRECATED_OBJC_IMPLEMENTATIONS = YES;
				CLANG_WARN_DIRECT_OBJC_ISA_USAGE = YES_ERROR;
				CLANG_WARN_DOCUMENTATION_COMMENTS = YES;
				CLANG_WARN_EMPTY_BODY = YES;
				CLANG_WARN_ENUM_CONVERSION = YES;
				CLANG_WARN_INFINITE_RECURSION = YES;
				CLANG_WARN_INT_CONVERSION = YES;
				CLANG_WARN_NON_LITERAL_NULL_CONVERSION = YES;
				CLANG_WARN_OBJC_IMPLICIT_RETAIN_SELF = YES;
				CLANG_WARN_OBJC_LITERAL_CONVERSION = YES;
				CLANG_WARN_OBJC_ROOT_CLASS = YES_ERROR;
				CLANG_WARN_RANGE_LOOP_ANALYSIS = YES;
				CLANG_WARN_STRICT_PROTOTYPES = YES;
				CLANG_WARN_SUSPICIOUS_MOVE = YES;
				CLANG_WARN_UNGUARDED_AVAILABILITY = YES_AGGRESSIVE;
				CLANG_WARN_UNREACHABLE_CODE = YES;
				CLANG_WARN__DUPLICATE_METHOD_MATCH = YES;
				COPY_PHASE_STRIP = NO;
				DEBUG_INFORMATION_FORMAT = dwarf;
				ENABLE_STRICT_OBJC_MSGSEND = YES;
				ENABLE_TESTABILITY = YES;
				GCC_C_LANGUAGE_STANDARD = gnu11;
				GCC_DYNAMIC_NO_PIC = NO;
				GCC_NO_COMMON_BLOCKS = YES;
				GCC_OPTIMIZATION_LEVEL = 0;
				GCC_PREPROCESSOR_DEFINITIONS = (
					"DEBUG=1",
					"$(inherited)",
				);
				GCC_WARN_64_TO_32_BIT_CONVERSION = YES;
				GCC_WARN_ABOUT_RETURN_TYPE = YES_ERROR;
				GCC_WARN_UNDECLARED_SELECTOR = YES;
				GCC_WARN_UNINITIALIZED_AUTOS = YES_AGGRESSIVE;
				GCC_WARN_UNUSED_FUNCTION = YES;
				GCC_WARN_UNUSED_VARIABLE = YES;
				IPHONEOS_DEPLOYMENT_TARGET = 13.4;
				MTL_ENABLE_DEBUG_INFO = INCLUDE_SOURCE;
				MTL_FAST_MATH = YES;
				ONLY_ACTIVE_ARCH = YES;
				SDKROOT = iphoneos;
				SWIFT_ACTIVE_COMPILATION_CONDITIONS = DEBUG;
				SWIFT_OPTIMIZATION_LEVEL = "-Onone";
			};
			name = Debug;
		};
		8820005126E251E4001D1296 /* Release */ = {
			isa = XCBuildConfiguration;
			buildSettings = {
				ALWAYS_SEARCH_USER_PATHS = NO;
				CLANG_ANALYZER_NONNULL = YES;
				CLANG_ANALYZER_NUMBER_OBJECT_CONVERSION = YES_AGGRESSIVE;
				CLANG_CXX_LANGUAGE_STANDARD = "gnu++14";
				CLANG_CXX_LIBRARY = "libc++";
				CLANG_ENABLE_MODULES = YES;
				CLANG_ENABLE_OBJC_ARC = YES;
				CLANG_ENABLE_OBJC_WEAK = YES;
				CLANG_WARN_BLOCK_CAPTURE_AUTORELEASING = YES;
				CLANG_WARN_BOOL_CONVERSION = YES;
				CLANG_WARN_COMMA = YES;
				CLANG_WARN_CONSTANT_CONVERSION = YES;
				CLANG_WARN_DEPRECATED_OBJC_IMPLEMENTATIONS = YES;
				CLANG_WARN_DIRECT_OBJC_ISA_USAGE = YES_ERROR;
				CLANG_WARN_DOCUMENTATION_COMMENTS = YES;
				CLANG_WARN_EMPTY_BODY = YES;
				CLANG_WARN_ENUM_CONVERSION = YES;
				CLANG_WARN_INFINITE_RECURSION = YES;
				CLANG_WARN_INT_CONVERSION = YES;
				CLANG_WARN_NON_LITERAL_NULL_CONVERSION = YES;
				CLANG_WARN_OBJC_IMPLICIT_RETAIN_SELF = YES;
				CLANG_WARN_OBJC_LITERAL_CONVERSION = YES;
				CLANG_WARN_OBJC_ROOT_CLASS = YES_ERROR;
				CLANG_WARN_RANGE_LOOP_ANALYSIS = YES;
				CLANG_WARN_STRICT_PROTOTYPES = YES;
				CLANG_WARN_SUSPICIOUS_MOVE = YES;
				CLANG_WARN_UNGUARDED_AVAILABILITY = YES_AGGRESSIVE;
				CLANG_WARN_UNREACHABLE_CODE = YES;
				CLANG_WARN__DUPLICATE_METHOD_MATCH = YES;
				COPY_PHASE_STRIP = NO;
				DEBUG_INFORMATION_FORMAT = "dwarf-with-dsym";
				ENABLE_NS_ASSERTIONS = NO;
				ENABLE_STRICT_OBJC_MSGSEND = YES;
				GCC_C_LANGUAGE_STANDARD = gnu11;
				GCC_NO_COMMON_BLOCKS = YES;
				GCC_WARN_64_TO_32_BIT_CONVERSION = YES;
				GCC_WARN_ABOUT_RETURN_TYPE = YES_ERROR;
				GCC_WARN_UNDECLARED_SELECTOR = YES;
				GCC_WARN_UNINITIALIZED_AUTOS = YES_AGGRESSIVE;
				GCC_WARN_UNUSED_FUNCTION = YES;
				GCC_WARN_UNUSED_VARIABLE = YES;
				IPHONEOS_DEPLOYMENT_TARGET = 13.4;
				MTL_ENABLE_DEBUG_INFO = NO;
				MTL_FAST_MATH = YES;
				SDKROOT = iphoneos;
				SWIFT_COMPILATION_MODE = wholemodule;
				SWIFT_OPTIMIZATION_LEVEL = "-O";
				VALIDATE_PRODUCT = YES;
			};
			name = Release;
		};
		8820005326E251E4001D1296 /* Debug */ = {
			isa = XCBuildConfiguration;
			buildSettings = {
				ASSETCATALOG_COMPILER_APPICON_NAME = AppIcon;
				CODE_SIGN_STYLE = Automatic;
				DEVELOPMENT_ASSET_PATHS = "\"11. SwfitUI-State/Preview Content\"";
				ENABLE_PREVIEWS = YES;
				INFOPLIST_FILE = "11. SwfitUI-State/Info.plist";
				LD_RUNPATH_SEARCH_PATHS = (
					"$(inherited)",
					"@executable_path/Frameworks",
				);
				PRODUCT_BUNDLE_IDENTIFIER = "com.-1--SwfitUI-State";
				PRODUCT_NAME = "$(TARGET_NAME)";
				SWIFT_VERSION = 5.0;
				TARGETED_DEVICE_FAMILY = "1,2";
			};
			name = Debug;
		};
		8820005426E251E4001D1296 /* Release */ = {
			isa = XCBuildConfiguration;
			buildSettings = {
				ASSETCATALOG_COMPILER_APPICON_NAME = AppIcon;
				CODE_SIGN_STYLE = Automatic;
				DEVELOPMENT_ASSET_PATHS = "\"11. SwfitUI-State/Preview Content\"";
				ENABLE_PREVIEWS = YES;
				INFOPLIST_FILE = "11. SwfitUI-State/Info.plist";
				LD_RUNPATH_SEARCH_PATHS = (
					"$(inherited)",
					"@executable_path/Frameworks",
				);
				PRODUCT_BUNDLE_IDENTIFIER = "com.-1--SwfitUI-State";
				PRODUCT_NAME = "$(TARGET_NAME)";
				SWIFT_VERSION = 5.0;
				TARGETED_DEVICE_FAMILY = "1,2";
			};
			name = Release;
		};
/* End XCBuildConfiguration section */

/* Begin XCConfigurationList section */
		8820003926E251E4001D1296 /* Build configuration list for PBXProject "11. SwfitUI-State" */ = {
			isa = XCConfigurationList;
			buildConfigurations = (
				8820005026E251E4001D1296 /* Debug */,
				8820005126E251E4001D1296 /* Release */,
			);
			defaultConfigurationIsVisible = 0;
			defaultConfigurationName = Release;
		};
		8820005226E251E4001D1296 /* Build configuration list for PBXNativeTarget "11. SwfitUI-State" */ = {
			isa = XCConfigurationList;
			buildConfigurations = (
				8820005326E251E4001D1296 /* Debug */,
				8820005426E251E4001D1296 /* Release */,
			);
			defaultConfigurationIsVisible = 0;
			defaultConfigurationName = Release;
		};
/* End XCConfigurationList section */
	};
	rootObject = 8820003626E251E4001D1296 /* Project object */;
}
