// !$*UTF8*$!
{
	archiveVersion = 1;
	classes = {
	};
	objectVersion = 50;
	objects = {

/* Begin PBXBuildFile section */
		88C19E4E26E6066F00E27D32 /* AppDelegate.swift in Sources */ = {isa = PBXBuildFile; fileRef = 88C19E4D26E6066F00E27D32 /* AppDelegate.swift */; };
		88C19E5026E6066F00E27D32 /* SceneDelegate.swift in Sources */ = {isa = PBXBuildFile; fileRef = 88C19E4F26E6066F00E27D32 /* SceneDelegate.swift */; };
		88C19E5226E6066F00E27D32 /* ContentView.swift in Sources */ = {isa = PBXBuildFile; fileRef = 88C19E5126E6066F00E27D32 /* ContentView.swift */; };
		88C19E5426E6067000E27D32 /* Assets.xcassets in Resources */ = {isa = PBXBuildFile; fileRef = 88C19E5326E6067000E27D32 /* Assets.xcassets */; };
		88C19E5726E6067000E27D32 /* Preview Assets.xcassets in Resources */ = {isa = PBXBuildFile; fileRef = 88C19E5626E6067000E27D32 /* Preview Assets.xcassets */; };
		88C19E5A26E6067000E27D32 /* LaunchScreen.storyboard in Resources */ = {isa = PBXBuildFile; fileRef = 88C19E5826E6067000E27D32 /* LaunchScreen.storyboard */; };
		88C19E6226E6075E00E27D32 /* explain in Resources */ = {isa = PBXBuildFile; fileRef = 88C19E6126E6075E00E27D32 /* explain */; };
/* End PBXBuildFile section */

/* Begin PBXFileReference section */
		88C19E4A26E6066F00E27D32 /* 14. SwiftUI-List.app */ = {isa = PBXFileReference; explicitFileType = wrapper.application; includeInIndex = 0; path = "14. SwiftUI-List.app"; sourceTree = BUILT_PRODUCTS_DIR; };
		88C19E4D26E6066F00E27D32 /* AppDelegate.swift */ = {isa = PBXFileReference; lastKnownFileType = sourcecode.swift; path = AppDelegate.swift; sourceTree = "<group>"; };
		88C19E4F26E6066F00E27D32 /* SceneDelegate.swift */ = {isa = PBXFileReference; lastKnownFileType = sourcecode.swift; path = SceneDelegate.swift; sourceTree = "<group>"; };
		88C19E5126E6066F00E27D32 /* ContentView.swift */ = {isa = PBXFileReference; lastKnownFileType = sourcecode.swift; path = ContentView.swift; sourceTree = "<group>"; };
		88C19E5326E6067000E27D32 /* Assets.xcassets */ = {isa = PBXFileReference; lastKnownFileType = folder.assetcatalog; path = Assets.xcassets; sourceTree = "<group>"; };
		88C19E5626E6067000E27D32 /* Preview Assets.xcassets */ = {isa = PBXFileReference; lastKnownFileType = folder.assetcatalog; path = "Preview Assets.xcassets"; sourceTree = "<group>"; };
		88C19E5926E6067000E27D32 /* Base */ = {isa = PBXFileReference; lastKnownFileType = file.storyboard; name = Base; path = Base.lproj/LaunchScreen.storyboard; sourceTree = "<group>"; };
		88C19E5B26E6067000E27D32 /* Info.plist */ = {isa = PBXFileReference; lastKnownFileType = text.plist.xml; path = Info.plist; sourceTree = "<group>"; };
		88C19E6126E6075E00E27D32 /* explain */ = {isa = PBXFileReference; lastKnownFileType = text; path = explain; sourceTree = "<group>"; };
/* End PBXFileReference section */

/* Begin PBXFrameworksBuildPhase section */
		88C19E4726E6066F00E27D32 /* Frameworks */ = {
			isa = PBXFrameworksBuildPhase;
			buildActionMask = 2147483647;
			files = (
			);
			runOnlyForDeploymentPostprocessing = 0;
		};
/* End PBXFrameworksBuildPhase section */

/* Begin PBXGroup section */
		88C19E4126E6066F00E27D32 = {
			isa = PBXGroup;
			children = (
				88C19E4C26E6066F00E27D32 /* 14. SwiftUI-List */,
				88C19E4B26E6066F00E27D32 /* Products */,
			);
			sourceTree = "<group>";
		};
		88C19E4B26E6066F00E27D32 /* Products */ = {
			isa = PBXGroup;
			children = (
				88C19E4A26E6066F00E27D32 /* 14. SwiftUI-List.app */,
			);
			name = Products;
			sourceTree = "<group>";
		};
		88C19E4C26E6066F00E27D32 /* 14. SwiftUI-List */ = {
			isa = PBXGroup;
			children = (
				88C19E4D26E6066F00E27D32 /* AppDelegate.swift */,
				88C19E4F26E6066F00E27D32 /* SceneDelegate.swift */,
				88C19E5126E6066F00E27D32 /* ContentView.swift */,
				88C19E5326E6067000E27D32 /* Assets.xcassets */,
				88C19E5826E6067000E27D32 /* LaunchScreen.storyboard */,
				88C19E5B26E6067000E27D32 /* Info.plist */,
				88C19E5526E6067000E27D32 /* Preview Content */,
				88C19E6126E6075E00E27D32 /* explain */,
			);
			path = "14. SwiftUI-List";
			sourceTree = "<group>";
		};
		88C19E5526E6067000E27D32 /* Preview Content */ = {
			isa = PBXGroup;
			children = (
				88C19E5626E6067000E27D32 /* Preview Assets.xcassets */,
			);
			path = "Preview Content";
			sourceTree = "<group>";
		};
/* End PBXGroup section */

/* Begin PBXNativeTarget section */
		88C19E4926E6066F00E27D32 /* 14. SwiftUI-List */ = {
			isa = PBXNativeTarget;
			buildConfigurationList = 88C19E5E26E6067000E27D32 /* Build configuration list for PBXNativeTarget "14. SwiftUI-List" */;
			buildPhases = (
				88C19E4626E6066F00E27D32 /* Sources */,
				88C19E4726E6066F00E27D32 /* Frameworks */,
				88C19E4826E6066F00E27D32 /* Resources */,
			);
			buildRules = (
			);
			dependencies = (
			);
			name = "14. SwiftUI-List";
			productName = "14. SwiftUI-List";
			productReference = 88C19E4A26E6066F00E27D32 /* 14. SwiftUI-List.app */;
			productType = "com.apple.product-type.application";
		};
/* End PBXNativeTarget section */

/* Begin PBXProject section */
		88C19E4226E6066F00E27D32 /* Project object */ = {
			isa = PBXProject;
			attributes = {
				LastSwiftUpdateCheck = 1140;
				LastUpgradeCheck = 1140;
				ORGANIZATIONNAME = Mirror;
				TargetAttributes = {
					88C19E4926E6066F00E27D32 = {
						CreatedOnToolsVersion = 11.4;
					};
				};
			};
			buildConfigurationList = 88C19E4526E6066F00E27D32 /* Build configuration list for PBXProject "14. SwiftUI-List" */;
			compatibilityVersion = "Xcode 9.3";
			developmentRegion = en;
			hasScannedForEncodings = 0;
			knownRegions = (
				en,
				Base,
			);
			mainGroup = 88C19E4126E6066F00E27D32;
			productRefGroup = 88C19E4B26E6066F00E27D32 /* Products */;
			projectDirPath = "";
			projectRoot = "";
			targets = (
				88C19E4926E6066F00E27D32 /* 14. SwiftUI-List */,
			);
		};
/* End PBXProject section */

/* Begin PBXResourcesBuildPhase section */
		88C19E4826E6066F00E27D32 /* Resources */ = {
			isa = PBXResourcesBuildPhase;
			buildActionMask = 2147483647;
			files = (
				88C19E6226E6075E00E27D32 /* explain in Resources */,
				88C19E5A26E6067000E27D32 /* LaunchScreen.storyboard in Resources */,
				88C19E5726E6067000E27D32 /* Preview Assets.xcassets in Resources */,
				88C19E5426E6067000E27D32 /* Assets.xcassets in Resources */,
			);
			runOnlyForDeploymentPostprocessing = 0;
		};
/* End PBXResourcesBuildPhase section */

/* Begin PBXSourcesBuildPhase section */
		88C19E4626E6066F00E27D32 /* Sources */ = {
			isa = PBXSourcesBuildPhase;
			buildActionMask = 2147483647;
			files = (
				88C19E4E26E6066F00E27D32 /* AppDelegate.swift in Sources */,
				88C19E5026E6066F00E27D32 /* SceneDelegate.swift in Sources */,
				88C19E5226E6066F00E27D32 /* ContentView.swift in Sources */,
			);
			runOnlyForDeploymentPostprocessing = 0;
		};
/* End PBXSourcesBuildPhase section */

/* Begin PBXVariantGroup section */
		88C19E5826E6067000E27D32 /* LaunchScreen.storyboard */ = {
			isa = PBXVariantGroup;
			children = (
				88C19E5926E6067000E27D32 /* Base */,
			);
			name = LaunchScreen.storyboard;
			sourceTree = "<group>";
		};
/* End PBXVariantGroup section */

/* Begin XCBuildConfiguration section */
		88C19E5C26E6067000E27D32 /* Debug */ = {
			isa = XCBuildConfiguration;
			buildSettings = {
				ALWAYS_SEARCH_USER_PATHS = NO;
				CLANG_ANALYZER_NONNULL = YES;
				CLANG_ANALYZER_NUMBER_OBJECT_CONVERSION = YES_AGGRESSIVE;
				CLANG_CXX_LANGUAGE_STANDARD = "gnu++14";
				CLANG_CXX_LIBRARY = "libc++";
				CLANG_ENABLE_MODULES = YES;
				CLANG_ENABLE_OBJC_ARC = YES;
				CLANG_ENABLE_OBJC_WEAK = YES;
				CLANG_WARN_BLOCK_CAPTURE_AUTORELEASING = YES;
				CLANG_WARN_BOOL_CONVERSION = YES;
				CLANG_WARN_COMMA = YES;
				CLANG_WARN_CONSTANT_CONVERSION = YES;
				CLANG_WARN_DEPRECATED_OBJC_IMPLEMENTATIONS = YES;
				CLANG_WARN_DIRECT_OBJC_ISA_USAGE = YES_ERROR;
				CLANG_WARN_DOCUMENTATION_COMMENTS = YES;
				CLANG_WARN_EMPTY_BODY = YES;
				CLANG_WARN_ENUM_CONVERSION = YES;
				CLANG_WARN_INFINITE_RECURSION = YES;
				CLANG_WARN_INT_CONVERSION = YES;
				CLANG_WARN_NON_LITERAL_NULL_CONVERSION = YES;
				CLANG_WARN_OBJC_IMPLICIT_RETAIN_SELF = YES;
				CLANG_WARN_OBJC_LITERAL_CONVERSION = YES;
				CLANG_WARN_OBJC_ROOT_CLASS = YES_ERROR;
				CLANG_WARN_RANGE_LOOP_ANALYSIS = YES;
				CLANG_WARN_STRICT_PROTOTYPES = YES;
				CLANG_WARN_SUSPICIOUS_MOVE = YES;
				CLANG_WARN_UNGUARDED_AVAILABILITY = YES_AGGRESSIVE;
				CLANG_WARN_UNREACHABLE_CODE = YES;
				CLANG_WARN__DUPLICATE_METHOD_MATCH = YES;
				COPY_PHASE_STRIP = NO;
				DEBUG_INFORMATION_FORMAT = dwarf;
				ENABLE_STRICT_OBJC_MSGSEND = YES;
				ENABLE_TESTABILITY = YES;
				GCC_C_LANGUAGE_STANDARD = gnu11;
				GCC_DYNAMIC_NO_PIC = NO;
				GCC_NO_COMMON_BLOCKS = YES;
				GCC_OPTIMIZATION_LEVEL = 0;
				GCC_PREPROCESSOR_DEFINITIONS = (
					"DEBUG=1",
					"$(inherited)",
				);
				GCC_WARN_64_TO_32_BIT_CONVERSION = YES;
				GCC_WARN_ABOUT_RETURN_TYPE = YES_ERROR;
				GCC_WARN_UNDECLARED_SELECTOR = YES;
				GCC_WARN_UNINITIALIZED_AUTOS = YES_AGGRESSIVE;
				GCC_WARN_UNUSED_FUNCTION = YES;
				GCC_WARN_UNUSED_VARIABLE = YES;
				IPHONEOS_DEPLOYMENT_TARGET = 13.4;
				MTL_ENABLE_DEBUG_INFO = INCLUDE_SOURCE;
				MTL_FAST_MATH = YES;
				ONLY_ACTIVE_ARCH = YES;
				SDKROOT = iphoneos;
				SWIFT_ACTIVE_COMPILATION_CONDITIONS = DEBUG;
				SWIFT_OPTIMIZATION_LEVEL = "-Onone";
			};
			name = Debug;
		};
		88C19E5D26E6067000E27D32 /* Release */ = {
			isa = XCBuildConfiguration;
			buildSettings = {
				ALWAYS_SEARCH_USER_PATHS = NO;
				CLANG_ANALYZER_NONNULL = YES;
				CLANG_ANALYZER_NUMBER_OBJECT_CONVERSION = YES_AGGRESSIVE;
				CLANG_CXX_LANGUAGE_STANDARD = "gnu++14";
				CLANG_CXX_LIBRARY = "libc++";
				CLANG_ENABLE_MODULES = YES;
				CLANG_ENABLE_OBJC_ARC = YES;
				CLANG_ENABLE_OBJC_WEAK = YES;
				CLANG_WARN_BLOCK_CAPTURE_AUTORELEASING = YES;
				CLANG_WARN_BOOL_CONVERSION = YES;
				CLANG_WARN_COMMA = YES;
				CLANG_WARN_CONSTANT_CONVERSION = YES;
				CLANG_WARN_DEPRECATED_OBJC_IMPLEMENTATIONS = YES;
				CLANG_WARN_DIRECT_OBJC_ISA_USAGE = YES_ERROR;
				CLANG_WARN_DOCUMENTATION_COMMENTS = YES;
				CLANG_WARN_EMPTY_BODY = YES;
				CLANG_WARN_ENUM_CONVERSION = YES;
				CLANG_WARN_INFINITE_RECURSION = YES;
				CLANG_WARN_INT_CONVERSION = YES;
				CLANG_WARN_NON_LITERAL_NULL_CONVERSION = YES;
				CLANG_WARN_OBJC_IMPLICIT_RETAIN_SELF = YES;
				CLANG_WARN_OBJC_LITERAL_CONVERSION = YES;
				CLANG_WARN_OBJC_ROOT_CLASS = YES_ERROR;
				CLANG_WARN_RANGE_LOOP_ANALYSIS = YES;
				CLANG_WARN_STRICT_PROTOTYPES = YES;
				CLANG_WARN_SUSPICIOUS_MOVE = YES;
				CLANG_WARN_UNGUARDED_AVAILABILITY = YES_AGGRESSIVE;
				CLANG_WARN_UNREACHABLE_CODE = YES;
				CLANG_WARN__DUPLICATE_METHOD_MATCH = YES;
				COPY_PHASE_STRIP = NO;
				DEBUG_INFORMATION_FORMAT = "dwarf-with-dsym";
				ENABLE_NS_ASSERTIONS = NO;
				ENABLE_STRICT_OBJC_MSGSEND = YES;
				GCC_C_LANGUAGE_STANDARD = gnu11;
				GCC_NO_COMMON_BLOCKS = YES;
				GCC_WARN_64_TO_32_BIT_CONVERSION = YES;
				GCC_WARN_ABOUT_RETURN_TYPE = YES_ERROR;
				GCC_WARN_UNDECLARED_SELECTOR = YES;
				GCC_WARN_UNINITIALIZED_AUTOS = YES_AGGRESSIVE;
				GCC_WARN_UNUSED_FUNCTION = YES;
				GCC_WARN_UNUSED_VARIABLE = YES;
				IPHONEOS_DEPLOYMENT_TARGET = 13.4;
				MTL_ENABLE_DEBUG_INFO = NO;
				MTL_FAST_MATH = YES;
				SDKROOT = iphoneos;
				SWIFT_COMPILATION_MODE = wholemodule;
				SWIFT_OPTIMIZATION_LEVEL = "-O";
				VALIDATE_PRODUCT = YES;
			};
			name = Release;
		};
		88C19E5F26E6067000E27D32 /* Debug */ = {
			isa = XCBuildConfiguration;
			buildSettings = {
				ASSETCATALOG_COMPILER_APPICON_NAME = AppIcon;
				CODE_SIGN_STYLE = Automatic;
				DEVELOPMENT_ASSET_PATHS = "\"14. SwiftUI-List/Preview Content\"";
				ENABLE_PREVIEWS = YES;
				INFOPLIST_FILE = "14. SwiftUI-List/Info.plist";
				LD_RUNPATH_SEARCH_PATHS = (
					"$(inherited)",
					"@executable_path/Frameworks",
				);
				PRODUCT_BUNDLE_IDENTIFIER = "com.-4--SwiftUI-List";
				PRODUCT_NAME = "$(TARGET_NAME)";
				SWIFT_VERSION = 5.0;
				TARGETED_DEVICE_FAMILY = "1,2";
			};
			name = Debug;
		};
		88C19E6026E6067000E27D32 /* Release */ = {
			isa = XCBuildConfiguration;
			buildSettings = {
				ASSETCATALOG_COMPILER_APPICON_NAME = AppIcon;
				CODE_SIGN_STYLE = Automatic;
				DEVELOPMENT_ASSET_PATHS = "\"14. SwiftUI-List/Preview Content\"";
				ENABLE_PREVIEWS = YES;
				INFOPLIST_FILE = "14. SwiftUI-List/Info.plist";
				LD_RUNPATH_SEARCH_PATHS = (
					"$(inherited)",
					"@executable_path/Frameworks",
				);
				PRODUCT_BUNDLE_IDENTIFIER = "com.-4--SwiftUI-List";
				PRODUCT_NAME = "$(TARGET_NAME)";
				SWIFT_VERSION = 5.0;
				TARGETED_DEVICE_FAMILY = "1,2";
			};
			name = Release;
		};
/* End XCBuildConfiguration section */

/* Begin XCConfigurationList section */
		88C19E4526E6066F00E27D32 /* Build configuration list for PBXProject "14. SwiftUI-List" */ = {
			isa = XCConfigurationList;
			buildConfigurations = (
				88C19E5C26E6067000E27D32 /* Debug */,
				88C19E5D26E6067000E27D32 /* Release */,
			);
			defaultConfigurationIsVisible = 0;
			defaultConfigurationName = Release;
		};
		88C19E5E26E6067000E27D32 /* Build configuration list for PBXNativeTarget "14. SwiftUI-List" */ = {
			isa = XCConfigurationList;
			buildConfigurations = (
				88C19E5F26E6067000E27D32 /* Debug */,
				88C19E6026E6067000E27D32 /* Release */,
			);
			defaultConfigurationIsVisible = 0;
			defaultConfigurationName = Release;
		};
/* End XCConfigurationList section */
	};
	rootObject = 88C19E4226E6066F00E27D32 /* Project object */;
}
