// !$*UTF8*$!
{
	archiveVersion = 1;
	classes = {
	};
	objectVersion = 50;
	objects = {

/* Begin PBXBuildFile section */
		88E9E92826EC8F8100311748 /* AppDelegate.swift in Sources */ = {isa = PBXBuildFile; fileRef = 88E9E92726EC8F8100311748 /* AppDelegate.swift */; };
		88E9E92A26EC8F8100311748 /* SceneDelegate.swift in Sources */ = {isa = PBXBuildFile; fileRef = 88E9E92926EC8F8100311748 /* SceneDelegate.swift */; };
		88E9E92C26EC8F8100311748 /* ContentView.swift in Sources */ = {isa = PBXBuildFile; fileRef = 88E9E92B26EC8F8100311748 /* ContentView.swift */; };
		88E9E92E26EC8F8200311748 /* Assets.xcassets in Resources */ = {isa = PBXBuildFile; fileRef = 88E9E92D26EC8F8200311748 /* Assets.xcassets */; };
		88E9E93126EC8F8200311748 /* Preview Assets.xcassets in Resources */ = {isa = PBXBuildFile; fileRef = 88E9E93026EC8F8200311748 /* Preview Assets.xcassets */; };
		88E9E93426EC8F8200311748 /* LaunchScreen.storyboard in Resources */ = {isa = PBXBuildFile; fileRef = 88E9E93226EC8F8200311748 /* LaunchScreen.storyboard */; };
/* End PBXBuildFile section */

/* Begin PBXFileReference section */
		88E9E92426EC8F8100311748 /* 18. SwiftUI-ContextMenu.app */ = {isa = PBXFileReference; explicitFileType = wrapper.application; includeInIndex = 0; path = "18. SwiftUI-ContextMenu.app"; sourceTree = BUILT_PRODUCTS_DIR; };
		88E9E92726EC8F8100311748 /* AppDelegate.swift */ = {isa = PBXFileReference; lastKnownFileType = sourcecode.swift; path = AppDelegate.swift; sourceTree = "<group>"; };
		88E9E92926EC8F8100311748 /* SceneDelegate.swift */ = {isa = PBXFileReference; lastKnownFileType = sourcecode.swift; path = SceneDelegate.swift; sourceTree = "<group>"; };
		88E9E92B26EC8F8100311748 /* ContentView.swift */ = {isa = PBXFileReference; lastKnownFileType = sourcecode.swift; path = ContentView.swift; sourceTree = "<group>"; };
		88E9E92D26EC8F8200311748 /* Assets.xcassets */ = {isa = PBXFileReference; lastKnownFileType = folder.assetcatalog; path = Assets.xcassets; sourceTree = "<group>"; };
		88E9E93026EC8F8200311748 /* Preview Assets.xcassets */ = {isa = PBXFileReference; lastKnownFileType = folder.assetcatalog; path = "Preview Assets.xcassets"; sourceTree = "<group>"; };
		88E9E93326EC8F8200311748 /* Base */ = {isa = PBXFileReference; lastKnownFileType = file.storyboard; name = Base; path = Base.lproj/LaunchScreen.storyboard; sourceTree = "<group>"; };
		88E9E93526EC8F8200311748 /* Info.plist */ = {isa = PBXFileReference; lastKnownFileType = text.plist.xml; path = Info.plist; sourceTree = "<group>"; };
/* End PBXFileReference section */

/* Begin PBXFrameworksBuildPhase section */
		88E9E92126EC8F8100311748 /* Frameworks */ = {
			isa = PBXFrameworksBuildPhase;
			buildActionMask = 2147483647;
			files = (
			);
			runOnlyForDeploymentPostprocessing = 0;
		};
/* End PBXFrameworksBuildPhase section */

/* Begin PBXGroup section */
		88E9E91B26EC8F8100311748 = {
			isa = PBXGroup;
			children = (
				88E9E92626EC8F8100311748 /* 18. SwiftUI-ContextMenu */,
				88E9E92526EC8F8100311748 /* Products */,
			);
			sourceTree = "<group>";
		};
		88E9E92526EC8F8100311748 /* Products */ = {
			isa = PBXGroup;
			children = (
				88E9E92426EC8F8100311748 /* 18. SwiftUI-ContextMenu.app */,
			);
			name = Products;
			sourceTree = "<group>";
		};
		88E9E92626EC8F8100311748 /* 18. SwiftUI-ContextMenu */ = {
			isa = PBXGroup;
			children = (
				88E9E92726EC8F8100311748 /* AppDelegate.swift */,
				88E9E92926EC8F8100311748 /* SceneDelegate.swift */,
				88E9E92B26EC8F8100311748 /* ContentView.swift */,
				88E9E92D26EC8F8200311748 /* Assets.xcassets */,
				88E9E93226EC8F8200311748 /* LaunchScreen.storyboard */,
				88E9E93526EC8F8200311748 /* Info.plist */,
				88E9E92F26EC8F8200311748 /* Preview Content */,
			);
			path = "18. SwiftUI-ContextMenu";
			sourceTree = "<group>";
		};
		88E9E92F26EC8F8200311748 /* Preview Content */ = {
			isa = PBXGroup;
			children = (
				88E9E93026EC8F8200311748 /* Preview Assets.xcassets */,
			);
			path = "Preview Content";
			sourceTree = "<group>";
		};
/* End PBXGroup section */

/* Begin PBXNativeTarget section */
		88E9E92326EC8F8100311748 /* 18. SwiftUI-ContextMenu */ = {
			isa = PBXNativeTarget;
			buildConfigurationList = 88E9E93826EC8F8200311748 /* Build configuration list for PBXNativeTarget "18. SwiftUI-ContextMenu" */;
			buildPhases = (
				88E9E92026EC8F8100311748 /* Sources */,
				88E9E92126EC8F8100311748 /* Frameworks */,
				88E9E92226EC8F8100311748 /* Resources */,
			);
			buildRules = (
			);
			dependencies = (
			);
			name = "18. SwiftUI-ContextMenu";
			productName = "18. SwiftUI-ContextMenu";
			productReference = 88E9E92426EC8F8100311748 /* 18. SwiftUI-ContextMenu.app */;
			productType = "com.apple.product-type.application";
		};
/* End PBXNativeTarget section */

/* Begin PBXProject section */
		88E9E91C26EC8F8100311748 /* Project object */ = {
			isa = PBXProject;
			attributes = {
				LastSwiftUpdateCheck = 1140;
				LastUpgradeCheck = 1140;
				ORGANIZATIONNAME = Mirror;
				TargetAttributes = {
					88E9E92326EC8F8100311748 = {
						CreatedOnToolsVersion = 11.4;
					};
				};
			};
			buildConfigurationList = 88E9E91F26EC8F8100311748 /* Build configuration list for PBXProject "18. SwiftUI-ContextMenu" */;
			compatibilityVersion = "Xcode 9.3";
			developmentRegion = en;
			hasScannedForEncodings = 0;
			knownRegions = (
				en,
				Base,
			);
			mainGroup = 88E9E91B26EC8F8100311748;
			productRefGroup = 88E9E92526EC8F8100311748 /* Products */;
			projectDirPath = "";
			projectRoot = "";
			targets = (
				88E9E92326EC8F8100311748 /* 18. SwiftUI-ContextMenu */,
			);
		};
/* End PBXProject section */

/* Begin PBXResourcesBuildPhase section */
		88E9E92226EC8F8100311748 /* Resources */ = {
			isa = PBXResourcesBuildPhase;
			buildActionMask = 2147483647;
			files = (
				88E9E93426EC8F8200311748 /* LaunchScreen.storyboard in Resources */,
				88E9E93126EC8F8200311748 /* Preview Assets.xcassets in Resources */,
				88E9E92E26EC8F8200311748 /* Assets.xcassets in Resources */,
			);
			runOnlyForDeploymentPostprocessing = 0;
		};
/* End PBXResourcesBuildPhase section */

/* Begin PBXSourcesBuildPhase section */
		88E9E92026EC8F8100311748 /* Sources */ = {
			isa = PBXSourcesBuildPhase;
			buildActionMask = 2147483647;
			files = (
				88E9E92826EC8F8100311748 /* AppDelegate.swift in Sources */,
				88E9E92A26EC8F8100311748 /* SceneDelegate.swift in Sources */,
				88E9E92C26EC8F8100311748 /* ContentView.swift in Sources */,
			);
			runOnlyForDeploymentPostprocessing = 0;
		};
/* End PBXSourcesBuildPhase section */

/* Begin PBXVariantGroup section */
		88E9E93226EC8F8200311748 /* LaunchScreen.storyboard */ = {
			isa = PBXVariantGroup;
			children = (
				88E9E93326EC8F8200311748 /* Base */,
			);
			name = LaunchScreen.storyboard;
			sourceTree = "<group>";
		};
/* End PBXVariantGroup section */

/* Begin XCBuildConfiguration section */
		88E9E93626EC8F8200311748 /* Debug */ = {
			isa = XCBuildConfiguration;
			buildSettings = {
				ALWAYS_SEARCH_USER_PATHS = NO;
				CLANG_ANALYZER_NONNULL = YES;
				CLANG_ANALYZER_NUMBER_OBJECT_CONVERSION = YES_AGGRESSIVE;
				CLANG_CXX_LANGUAGE_STANDARD = "gnu++14";
				CLANG_CXX_LIBRARY = "libc++";
				CLANG_ENABLE_MODULES = YES;
				CLANG_ENABLE_OBJC_ARC = YES;
				CLANG_ENABLE_OBJC_WEAK = YES;
				CLANG_WARN_BLOCK_CAPTURE_AUTORELEASING = YES;
				CLANG_WARN_BOOL_CONVERSION = YES;
				CLANG_WARN_COMMA = YES;
				CLANG_WARN_CONSTANT_CONVERSION = YES;
				CLANG_WARN_DEPRECATED_OBJC_IMPLEMENTATIONS = YES;
				CLANG_WARN_DIRECT_OBJC_ISA_USAGE = YES_ERROR;
				CLANG_WARN_DOCUMENTATION_COMMENTS = YES;
				CLANG_WARN_EMPTY_BODY = YES;
				CLANG_WARN_ENUM_CONVERSION = YES;
				CLANG_WARN_INFINITE_RECURSION = YES;
				CLANG_WARN_INT_CONVERSION = YES;
				CLANG_WARN_NON_LITERAL_NULL_CONVERSION = YES;
				CLANG_WARN_OBJC_IMPLICIT_RETAIN_SELF = YES;
				CLANG_WARN_OBJC_LITERAL_CONVERSION = YES;
				CLANG_WARN_OBJC_ROOT_CLASS = YES_ERROR;
				CLANG_WARN_RANGE_LOOP_ANALYSIS = YES;
				CLANG_WARN_STRICT_PROTOTYPES = YES;
				CLANG_WARN_SUSPICIOUS_MOVE = YES;
				CLANG_WARN_UNGUARDED_AVAILABILITY = YES_AGGRESSIVE;
				CLANG_WARN_UNREACHABLE_CODE = YES;
				CLANG_WARN__DUPLICATE_METHOD_MATCH = YES;
				COPY_PHASE_STRIP = NO;
				DEBUG_INFORMATION_FORMAT = dwarf;
				ENABLE_STRICT_OBJC_MSGSEND = YES;
				ENABLE_TESTABILITY = YES;
				GCC_C_LANGUAGE_STANDARD = gnu11;
				GCC_DYNAMIC_NO_PIC = NO;
				GCC_NO_COMMON_BLOCKS = YES;
				GCC_OPTIMIZATION_LEVEL = 0;
				GCC_PREPROCESSOR_DEFINITIONS = (
					"DEBUG=1",
					"$(inherited)",
				);
				GCC_WARN_64_TO_32_BIT_CONVERSION = YES;
				GCC_WARN_ABOUT_RETURN_TYPE = YES_ERROR;
				GCC_WARN_UNDECLARED_SELECTOR = YES;
				GCC_WARN_UNINITIALIZED_AUTOS = YES_AGGRESSIVE;
				GCC_WARN_UNUSED_FUNCTION = YES;
				GCC_WARN_UNUSED_VARIABLE = YES;
				IPHONEOS_DEPLOYMENT_TARGET = 13.4;
				MTL_ENABLE_DEBUG_INFO = INCLUDE_SOURCE;
				MTL_FAST_MATH = YES;
				ONLY_ACTIVE_ARCH = YES;
				SDKROOT = iphoneos;
				SWIFT_ACTIVE_COMPILATION_CONDITIONS = DEBUG;
				SWIFT_OPTIMIZATION_LEVEL = "-Onone";
			};
			name = Debug;
		};
		88E9E93726EC8F8200311748 /* Release */ = {
			isa = XCBuildConfiguration;
			buildSettings = {
				ALWAYS_SEARCH_USER_PATHS = NO;
				CLANG_ANALYZER_NONNULL = YES;
				CLANG_ANALYZER_NUMBER_OBJECT_CONVERSION = YES_AGGRESSIVE;
				CLANG_CXX_LANGUAGE_STANDARD = "gnu++14";
				CLANG_CXX_LIBRARY = "libc++";
				CLANG_ENABLE_MODULES = YES;
				CLANG_ENABLE_OBJC_ARC = YES;
				CLANG_ENABLE_OBJC_WEAK = YES;
				CLANG_WARN_BLOCK_CAPTURE_AUTORELEASING = YES;
				CLANG_WARN_BOOL_CONVERSION = YES;
				CLANG_WARN_COMMA = YES;
				CLANG_WARN_CONSTANT_CONVERSION = YES;
				CLANG_WARN_DEPRECATED_OBJC_IMPLEMENTATIONS = YES;
				CLANG_WARN_DIRECT_OBJC_ISA_USAGE = YES_ERROR;
				CLANG_WARN_DOCUMENTATION_COMMENTS = YES;
				CLANG_WARN_EMPTY_BODY = YES;
				CLANG_WARN_ENUM_CONVERSION = YES;
				CLANG_WARN_INFINITE_RECURSION = YES;
				CLANG_WARN_INT_CONVERSION = YES;
				CLANG_WARN_NON_LITERAL_NULL_CONVERSION = YES;
				CLANG_WARN_OBJC_IMPLICIT_RETAIN_SELF = YES;
				CLANG_WARN_OBJC_LITERAL_CONVERSION = YES;
				CLANG_WARN_OBJC_ROOT_CLASS = YES_ERROR;
				CLANG_WARN_RANGE_LOOP_ANALYSIS = YES;
				CLANG_WARN_STRICT_PROTOTYPES = YES;
				CLANG_WARN_SUSPICIOUS_MOVE = YES;
				CLANG_WARN_UNGUARDED_AVAILABILITY = YES_AGGRESSIVE;
				CLANG_WARN_UNREACHABLE_CODE = YES;
				CLANG_WARN__DUPLICATE_METHOD_MATCH = YES;
				COPY_PHASE_STRIP = NO;
				DEBUG_INFORMATION_FORMAT = "dwarf-with-dsym";
				ENABLE_NS_ASSERTIONS = NO;
				ENABLE_STRICT_OBJC_MSGSEND = YES;
				GCC_C_LANGUAGE_STANDARD = gnu11;
				GCC_NO_COMMON_BLOCKS = YES;
				GCC_WARN_64_TO_32_BIT_CONVERSION = YES;
				GCC_WARN_ABOUT_RETURN_TYPE = YES_ERROR;
				GCC_WARN_UNDECLARED_SELECTOR = YES;
				GCC_WARN_UNINITIALIZED_AUTOS = YES_AGGRESSIVE;
				GCC_WARN_UNUSED_FUNCTION = YES;
				GCC_WARN_UNUSED_VARIABLE = YES;
				IPHONEOS_DEPLOYMENT_TARGET = 13.4;
				MTL_ENABLE_DEBUG_INFO = NO;
				MTL_FAST_MATH = YES;
				SDKROOT = iphoneos;
				SWIFT_COMPILATION_MODE = wholemodule;
				SWIFT_OPTIMIZATION_LEVEL = "-O";
				VALIDATE_PRODUCT = YES;
			};
			name = Release;
		};
		88E9E93926EC8F8200311748 /* Debug */ = {
			isa = XCBuildConfiguration;
			buildSettings = {
				ASSETCATALOG_COMPILER_APPICON_NAME = AppIcon;
				CODE_SIGN_STYLE = Automatic;
				DEVELOPMENT_ASSET_PATHS = "\"18. SwiftUI-ContextMenu/Preview Content\"";
				ENABLE_PREVIEWS = YES;
				INFOPLIST_FILE = "18. SwiftUI-ContextMenu/Info.plist";
				LD_RUNPATH_SEARCH_PATHS = (
					"$(inherited)",
					"@executable_path/Frameworks",
				);
				PRODUCT_BUNDLE_IDENTIFIER = "com.-8--SwiftUI-ContextMenu";
				PRODUCT_NAME = "$(TARGET_NAME)";
				SWIFT_VERSION = 5.0;
				TARGETED_DEVICE_FAMILY = "1,2";
			};
			name = Debug;
		};
		88E9E93A26EC8F8200311748 /* Release */ = {
			isa = XCBuildConfiguration;
			buildSettings = {
				ASSETCATALOG_COMPILER_APPICON_NAME = AppIcon;
				CODE_SIGN_STYLE = Automatic;
				DEVELOPMENT_ASSET_PATHS = "\"18. SwiftUI-ContextMenu/Preview Content\"";
				ENABLE_PREVIEWS = YES;
				INFOPLIST_FILE = "18. SwiftUI-ContextMenu/Info.plist";
				LD_RUNPATH_SEARCH_PATHS = (
					"$(inherited)",
					"@executable_path/Frameworks",
				);
				PRODUCT_BUNDLE_IDENTIFIER = "com.-8--SwiftUI-ContextMenu";
				PRODUCT_NAME = "$(TARGET_NAME)";
				SWIFT_VERSION = 5.0;
				TARGETED_DEVICE_FAMILY = "1,2";
			};
			name = Release;
		};
/* End XCBuildConfiguration section */

/* Begin XCConfigurationList section */
		88E9E91F26EC8F8100311748 /* Build configuration list for PBXProject "18. SwiftUI-ContextMenu" */ = {
			isa = XCConfigurationList;
			buildConfigurations = (
				88E9E93626EC8F8200311748 /* Debug */,
				88E9E93726EC8F8200311748 /* Release */,
			);
			defaultConfigurationIsVisible = 0;
			defaultConfigurationName = Release;
		};
		88E9E93826EC8F8200311748 /* Build configuration list for PBXNativeTarget "18. SwiftUI-ContextMenu" */ = {
			isa = XCConfigurationList;
			buildConfigurations = (
				88E9E93926EC8F8200311748 /* Debug */,
				88E9E93A26EC8F8200311748 /* Release */,
			);
			defaultConfigurationIsVisible = 0;
			defaultConfigurationName = Release;
		};
/* End XCConfigurationList section */
	};
	rootObject = 88E9E91C26EC8F8100311748 /* Project object */;
}
