// !$*UTF8*$!
{
	archiveVersion = 1;
	classes = {
	};
	objectVersion = 50;
	objects = {

/* Begin PBXBuildFile section */
		888AEC0F26E47C73005C09A0 /* AppDelegate.swift in Sources */ = {isa = PBXBuildFile; fileRef = 888AEC0E26E47C73005C09A0 /* AppDelegate.swift */; };
		888AEC1126E47C73005C09A0 /* SceneDelegate.swift in Sources */ = {isa = PBXBuildFile; fileRef = 888AEC1026E47C73005C09A0 /* SceneDelegate.swift */; };
		888AEC1326E47C73005C09A0 /* ContentView.swift in Sources */ = {isa = PBXBuildFile; fileRef = 888AEC1226E47C73005C09A0 /* ContentView.swift */; };
		888AEC1526E47C74005C09A0 /* Assets.xcassets in Resources */ = {isa = PBXBuildFile; fileRef = 888AEC1426E47C74005C09A0 /* Assets.xcassets */; };
		888AEC1826E47C74005C09A0 /* Preview Assets.xcassets in Resources */ = {isa = PBXBuildFile; fileRef = 888AEC1726E47C74005C09A0 /* Preview Assets.xcassets */; };
		888AEC1B26E47C74005C09A0 /* LaunchScreen.storyboard in Resources */ = {isa = PBXBuildFile; fileRef = 888AEC1926E47C74005C09A0 /* LaunchScreen.storyboard */; };
		888AEC2326E47C88005C09A0 /* explain in Resources */ = {isa = PBXBuildFile; fileRef = 888AEC2226E47C88005C09A0 /* explain */; };
		888AEC2526E47E65005C09A0 /* DataFile.swift in Sources */ = {isa = PBXBuildFile; fileRef = 888AEC2426E47E65005C09A0 /* DataFile.swift */; };
		888AEC2726E48190005C09A0 /* SecondView.swift in Sources */ = {isa = PBXBuildFile; fileRef = 888AEC2626E48190005C09A0 /* SecondView.swift */; };
/* End PBXBuildFile section */

/* Begin PBXFileReference section */
		888AEC0B26E47C73005C09A0 /* 13. SwiftUI-Environment.app */ = {isa = PBXFileReference; explicitFileType = wrapper.application; includeInIndex = 0; path = "13. SwiftUI-Environment.app"; sourceTree = BUILT_PRODUCTS_DIR; };
		888AEC0E26E47C73005C09A0 /* AppDelegate.swift */ = {isa = PBXFileReference; lastKnownFileType = sourcecode.swift; path = AppDelegate.swift; sourceTree = "<group>"; };
		888AEC1026E47C73005C09A0 /* SceneDelegate.swift */ = {isa = PBXFileReference; lastKnownFileType = sourcecode.swift; path = SceneDelegate.swift; sourceTree = "<group>"; };
		888AEC1226E47C73005C09A0 /* ContentView.swift */ = {isa = PBXFileReference; lastKnownFileType = sourcecode.swift; path = ContentView.swift; sourceTree = "<group>"; };
		888AEC1426E47C74005C09A0 /* Assets.xcassets */ = {isa = PBXFileReference; lastKnownFileType = folder.assetcatalog; path = Assets.xcassets; sourceTree = "<group>"; };
		888AEC1726E47C74005C09A0 /* Preview Assets.xcassets */ = {isa = PBXFileReference; lastKnownFileType = folder.assetcatalog; path = "Preview Assets.xcassets"; sourceTree = "<group>"; };
		888AEC1A26E47C74005C09A0 /* Base */ = {isa = PBXFileReference; lastKnownFileType = file.storyboard; name = Base; path = Base.lproj/LaunchScreen.storyboard; sourceTree = "<group>"; };
		888AEC1C26E47C74005C09A0 /* Info.plist */ = {isa = PBXFileReference; lastKnownFileType = text.plist.xml; path = Info.plist; sourceTree = "<group>"; };
		888AEC2226E47C88005C09A0 /* explain */ = {isa = PBXFileReference; lastKnownFileType = text; path = explain; sourceTree = "<group>"; };
		888AEC2426E47E65005C09A0 /* DataFile.swift */ = {isa = PBXFileReference; lastKnownFileType = sourcecode.swift; path = DataFile.swift; sourceTree = "<group>"; };
		888AEC2626E48190005C09A0 /* SecondView.swift */ = {isa = PBXFileReference; lastKnownFileType = sourcecode.swift; path = SecondView.swift; sourceTree = "<group>"; };
/* End PBXFileReference section */

/* Begin PBXFrameworksBuildPhase section */
		888AEC0826E47C73005C09A0 /* Frameworks */ = {
			isa = PBXFrameworksBuildPhase;
			buildActionMask = 2147483647;
			files = (
			);
			runOnlyForDeploymentPostprocessing = 0;
		};
/* End PBXFrameworksBuildPhase section */

/* Begin PBXGroup section */
		888AEC0226E47C73005C09A0 = {
			isa = PBXGroup;
			children = (
				888AEC0D26E47C73005C09A0 /* 13. SwiftUI-Environment */,
				888AEC0C26E47C73005C09A0 /* Products */,
			);
			sourceTree = "<group>";
		};
		888AEC0C26E47C73005C09A0 /* Products */ = {
			isa = PBXGroup;
			children = (
				888AEC0B26E47C73005C09A0 /* 13. SwiftUI-Environment.app */,
			);
			name = Products;
			sourceTree = "<group>";
		};
		888AEC0D26E47C73005C09A0 /* 13. SwiftUI-Environment */ = {
			isa = PBXGroup;
			children = (
				888AEC0E26E47C73005C09A0 /* AppDelegate.swift */,
				888AEC1026E47C73005C09A0 /* SceneDelegate.swift */,
				888AEC1226E47C73005C09A0 /* ContentView.swift */,
				888AEC1426E47C74005C09A0 /* Assets.xcassets */,
				888AEC1926E47C74005C09A0 /* LaunchScreen.storyboard */,
				888AEC1C26E47C74005C09A0 /* Info.plist */,
				888AEC1626E47C74005C09A0 /* Preview Content */,
				888AEC2226E47C88005C09A0 /* explain */,
				888AEC2426E47E65005C09A0 /* DataFile.swift */,
				888AEC2626E48190005C09A0 /* SecondView.swift */,
			);
			path = "13. SwiftUI-Environment";
			sourceTree = "<group>";
		};
		888AEC1626E47C74005C09A0 /* Preview Content */ = {
			isa = PBXGroup;
			children = (
				888AEC1726E47C74005C09A0 /* Preview Assets.xcassets */,
			);
			path = "Preview Content";
			sourceTree = "<group>";
		};
/* End PBXGroup section */

/* Begin PBXNativeTarget section */
		888AEC0A26E47C73005C09A0 /* 13. SwiftUI-Environment */ = {
			isa = PBXNativeTarget;
			buildConfigurationList = 888AEC1F26E47C74005C09A0 /* Build configuration list for PBXNativeTarget "13. SwiftUI-Environment" */;
			buildPhases = (
				888AEC0726E47C73005C09A0 /* Sources */,
				888AEC0826E47C73005C09A0 /* Frameworks */,
				888AEC0926E47C73005C09A0 /* Resources */,
			);
			buildRules = (
			);
			dependencies = (
			);
			name = "13. SwiftUI-Environment";
			productName = "13. SwiftUI-Environment";
			productReference = 888AEC0B26E47C73005C09A0 /* 13. SwiftUI-Environment.app */;
			productType = "com.apple.product-type.application";
		};
/* End PBXNativeTarget section */

/* Begin PBXProject section */
		888AEC0326E47C73005C09A0 /* Project object */ = {
			isa = PBXProject;
			attributes = {
				LastSwiftUpdateCheck = 1140;
				LastUpgradeCheck = 1140;
				ORGANIZATIONNAME = Mirror;
				TargetAttributes = {
					888AEC0A26E47C73005C09A0 = {
						CreatedOnToolsVersion = 11.4;
					};
				};
			};
			buildConfigurationList = 888AEC0626E47C73005C09A0 /* Build configuration list for PBXProject "13. SwiftUI-Environment" */;
			compatibilityVersion = "Xcode 9.3";
			developmentRegion = en;
			hasScannedForEncodings = 0;
			knownRegions = (
				en,
				Base,
			);
			mainGroup = 888AEC0226E47C73005C09A0;
			productRefGroup = 888AEC0C26E47C73005C09A0 /* Products */;
			projectDirPath = "";
			projectRoot = "";
			targets = (
				888AEC0A26E47C73005C09A0 /* 13. SwiftUI-Environment */,
			);
		};
/* End PBXProject section */

/* Begin PBXResourcesBuildPhase section */
		888AEC0926E47C73005C09A0 /* Resources */ = {
			isa = PBXResourcesBuildPhase;
			buildActionMask = 2147483647;
			files = (
				888AEC2326E47C88005C09A0 /* explain in Resources */,
				888AEC1B26E47C74005C09A0 /* LaunchScreen.storyboard in Resources */,
				888AEC1826E47C74005C09A0 /* Preview Assets.xcassets in Resources */,
				888AEC1526E47C74005C09A0 /* Assets.xcassets in Resources */,
			);
			runOnlyForDeploymentPostprocessing = 0;
		};
/* End PBXResourcesBuildPhase section */

/* Begin PBXSourcesBuildPhase section */
		888AEC0726E47C73005C09A0 /* Sources */ = {
			isa = PBXSourcesBuildPhase;
			buildActionMask = 2147483647;
			files = (
				888AEC0F26E47C73005C09A0 /* AppDelegate.swift in Sources */,
				888AEC2726E48190005C09A0 /* SecondView.swift in Sources */,
				888AEC1126E47C73005C09A0 /* SceneDelegate.swift in Sources */,
				888AEC1326E47C73005C09A0 /* ContentView.swift in Sources */,
				888AEC2526E47E65005C09A0 /* DataFile.swift in Sources */,
			);
			runOnlyForDeploymentPostprocessing = 0;
		};
/* End PBXSourcesBuildPhase section */

/* Begin PBXVariantGroup section */
		888AEC1926E47C74005C09A0 /* LaunchScreen.storyboard */ = {
			isa = PBXVariantGroup;
			children = (
				888AEC1A26E47C74005C09A0 /* Base */,
			);
			name = LaunchScreen.storyboard;
			sourceTree = "<group>";
		};
/* End PBXVariantGroup section */

/* Begin XCBuildConfiguration section */
		888AEC1D26E47C74005C09A0 /* Debug */ = {
			isa = XCBuildConfiguration;
			buildSettings = {
				ALWAYS_SEARCH_USER_PATHS = NO;
				CLANG_ANALYZER_NONNULL = YES;
				CLANG_ANALYZER_NUMBER_OBJECT_CONVERSION = YES_AGGRESSIVE;
				CLANG_CXX_LANGUAGE_STANDARD = "gnu++14";
				CLANG_CXX_LIBRARY = "libc++";
				CLANG_ENABLE_MODULES = YES;
				CLANG_ENABLE_OBJC_ARC = YES;
				CLANG_ENABLE_OBJC_WEAK = YES;
				CLANG_WARN_BLOCK_CAPTURE_AUTORELEASING = YES;
				CLANG_WARN_BOOL_CONVERSION = YES;
				CLANG_WARN_COMMA = YES;
				CLANG_WARN_CONSTANT_CONVERSION = YES;
				CLANG_WARN_DEPRECATED_OBJC_IMPLEMENTATIONS = YES;
				CLANG_WARN_DIRECT_OBJC_ISA_USAGE = YES_ERROR;
				CLANG_WARN_DOCUMENTATION_COMMENTS = YES;
				CLANG_WARN_EMPTY_BODY = YES;
				CLANG_WARN_ENUM_CONVERSION = YES;
				CLANG_WARN_INFINITE_RECURSION = YES;
				CLANG_WARN_INT_CONVERSION = YES;
				CLANG_WARN_NON_LITERAL_NULL_CONVERSION = YES;
				CLANG_WARN_OBJC_IMPLICIT_RETAIN_SELF = YES;
				CLANG_WARN_OBJC_LITERAL_CONVERSION = YES;
				CLANG_WARN_OBJC_ROOT_CLASS = YES_ERROR;
				CLANG_WARN_RANGE_LOOP_ANALYSIS = YES;
				CLANG_WARN_STRICT_PROTOTYPES = YES;
				CLANG_WARN_SUSPICIOUS_MOVE = YES;
				CLANG_WARN_UNGUARDED_AVAILABILITY = YES_AGGRESSIVE;
				CLANG_WARN_UNREACHABLE_CODE = YES;
				CLANG_WARN__DUPLICATE_METHOD_MATCH = YES;
				COPY_PHASE_STRIP = NO;
				DEBUG_INFORMATION_FORMAT = dwarf;
				ENABLE_STRICT_OBJC_MSGSEND = YES;
				ENABLE_TESTABILITY = YES;
				GCC_C_LANGUAGE_STANDARD = gnu11;
				GCC_DYNAMIC_NO_PIC = NO;
				GCC_NO_COMMON_BLOCKS = YES;
				GCC_OPTIMIZATION_LEVEL = 0;
				GCC_PREPROCESSOR_DEFINITIONS = (
					"DEBUG=1",
					"$(inherited)",
				);
				GCC_WARN_64_TO_32_BIT_CONVERSION = YES;
				GCC_WARN_ABOUT_RETURN_TYPE = YES_ERROR;
				GCC_WARN_UNDECLARED_SELECTOR = YES;
				GCC_WARN_UNINITIALIZED_AUTOS = YES_AGGRESSIVE;
				GCC_WARN_UNUSED_FUNCTION = YES;
				GCC_WARN_UNUSED_VARIABLE = YES;
				IPHONEOS_DEPLOYMENT_TARGET = 13.4;
				MTL_ENABLE_DEBUG_INFO = INCLUDE_SOURCE;
				MTL_FAST_MATH = YES;
				ONLY_ACTIVE_ARCH = YES;
				SDKROOT = iphoneos;
				SWIFT_ACTIVE_COMPILATION_CONDITIONS = DEBUG;
				SWIFT_OPTIMIZATION_LEVEL = "-Onone";
			};
			name = Debug;
		};
		888AEC1E26E47C74005C09A0 /* Release */ = {
			isa = XCBuildConfiguration;
			buildSettings = {
				ALWAYS_SEARCH_USER_PATHS = NO;
				CLANG_ANALYZER_NONNULL = YES;
				CLANG_ANALYZER_NUMBER_OBJECT_CONVERSION = YES_AGGRESSIVE;
				CLANG_CXX_LANGUAGE_STANDARD = "gnu++14";
				CLANG_CXX_LIBRARY = "libc++";
				CLANG_ENABLE_MODULES = YES;
				CLANG_ENABLE_OBJC_ARC = YES;
				CLANG_ENABLE_OBJC_WEAK = YES;
				CLANG_WARN_BLOCK_CAPTURE_AUTORELEASING = YES;
				CLANG_WARN_BOOL_CONVERSION = YES;
				CLANG_WARN_COMMA = YES;
				CLANG_WARN_CONSTANT_CONVERSION = YES;
				CLANG_WARN_DEPRECATED_OBJC_IMPLEMENTATIONS = YES;
				CLANG_WARN_DIRECT_OBJC_ISA_USAGE = YES_ERROR;
				CLANG_WARN_DOCUMENTATION_COMMENTS = YES;
				CLANG_WARN_EMPTY_BODY = YES;
				CLANG_WARN_ENUM_CONVERSION = YES;
				CLANG_WARN_INFINITE_RECURSION = YES;
				CLANG_WARN_INT_CONVERSION = YES;
				CLANG_WARN_NON_LITERAL_NULL_CONVERSION = YES;
				CLANG_WARN_OBJC_IMPLICIT_RETAIN_SELF = YES;
				CLANG_WARN_OBJC_LITERAL_CONVERSION = YES;
				CLANG_WARN_OBJC_ROOT_CLASS = YES_ERROR;
				CLANG_WARN_RANGE_LOOP_ANALYSIS = YES;
				CLANG_WARN_STRICT_PROTOTYPES = YES;
				CLANG_WARN_SUSPICIOUS_MOVE = YES;
				CLANG_WARN_UNGUARDED_AVAILABILITY = YES_AGGRESSIVE;
				CLANG_WARN_UNREACHABLE_CODE = YES;
				CLANG_WARN__DUPLICATE_METHOD_MATCH = YES;
				COPY_PHASE_STRIP = NO;
				DEBUG_INFORMATION_FORMAT = "dwarf-with-dsym";
				ENABLE_NS_ASSERTIONS = NO;
				ENABLE_STRICT_OBJC_MSGSEND = YES;
				GCC_C_LANGUAGE_STANDARD = gnu11;
				GCC_NO_COMMON_BLOCKS = YES;
				GCC_WARN_64_TO_32_BIT_CONVERSION = YES;
				GCC_WARN_ABOUT_RETURN_TYPE = YES_ERROR;
				GCC_WARN_UNDECLARED_SELECTOR = YES;
				GCC_WARN_UNINITIALIZED_AUTOS = YES_AGGRESSIVE;
				GCC_WARN_UNUSED_FUNCTION = YES;
				GCC_WARN_UNUSED_VARIABLE = YES;
				IPHONEOS_DEPLOYMENT_TARGET = 13.4;
				MTL_ENABLE_DEBUG_INFO = NO;
				MTL_FAST_MATH = YES;
				SDKROOT = iphoneos;
				SWIFT_COMPILATION_MODE = wholemodule;
				SWIFT_OPTIMIZATION_LEVEL = "-O";
				VALIDATE_PRODUCT = YES;
			};
			name = Release;
		};
		888AEC2026E47C74005C09A0 /* Debug */ = {
			isa = XCBuildConfiguration;
			buildSettings = {
				ASSETCATALOG_COMPILER_APPICON_NAME = AppIcon;
				CODE_SIGN_STYLE = Automatic;
				DEVELOPMENT_ASSET_PATHS = "\"13. SwiftUI-Environment/Preview Content\"";
				ENABLE_PREVIEWS = YES;
				INFOPLIST_FILE = "13. SwiftUI-Environment/Info.plist";
				LD_RUNPATH_SEARCH_PATHS = (
					"$(inherited)",
					"@executable_path/Frameworks",
				);
				PRODUCT_BUNDLE_IDENTIFIER = "com.-3--SwiftUI-Environment";
				PRODUCT_NAME = "$(TARGET_NAME)";
				SWIFT_VERSION = 5.0;
				TARGETED_DEVICE_FAMILY = "1,2";
			};
			name = Debug;
		};
		888AEC2126E47C74005C09A0 /* Release */ = {
			isa = XCBuildConfiguration;
			buildSettings = {
				ASSETCATALOG_COMPILER_APPICON_NAME = AppIcon;
				CODE_SIGN_STYLE = Automatic;
				DEVELOPMENT_ASSET_PATHS = "\"13. SwiftUI-Environment/Preview Content\"";
				ENABLE_PREVIEWS = YES;
				INFOPLIST_FILE = "13. SwiftUI-Environment/Info.plist";
				LD_RUNPATH_SEARCH_PATHS = (
					"$(inherited)",
					"@executable_path/Frameworks",
				);
				PRODUCT_BUNDLE_IDENTIFIER = "com.-3--SwiftUI-Environment";
				PRODUCT_NAME = "$(TARGET_NAME)";
				SWIFT_VERSION = 5.0;
				TARGETED_DEVICE_FAMILY = "1,2";
			};
			name = Release;
		};
/* End XCBuildConfiguration section */

/* Begin XCConfigurationList section */
		888AEC0626E47C73005C09A0 /* Build configuration list for PBXProject "13. SwiftUI-Environment" */ = {
			isa = XCConfigurationList;
			buildConfigurations = (
				888AEC1D26E47C74005C09A0 /* Debug */,
				888AEC1E26E47C74005C09A0 /* Release */,
			);
			defaultConfigurationIsVisible = 0;
			defaultConfigurationName = Release;
		};
		888AEC1F26E47C74005C09A0 /* Build configuration list for PBXNativeTarget "13. SwiftUI-Environment" */ = {
			isa = XCConfigurationList;
			buildConfigurations = (
				888AEC2026E47C74005C09A0 /* Debug */,
				888AEC2126E47C74005C09A0 /* Release */,
			);
			defaultConfigurationIsVisible = 0;
			defaultConfigurationName = Release;
		};
/* End XCConfigurationList section */
	};
	rootObject = 888AEC0326E47C73005C09A0 /* Project object */;
}
