// !$*UTF8*$!
{
	archiveVersion = 1;
	classes = {
	};
	objectVersion = 50;
	objects = {

/* Begin PBXBuildFile section */
		88B2D1F326F5E2D500216E65 /* AppDelegate.swift in Sources */ = {isa = PBXBuildFile; fileRef = 88B2D1F226F5E2D500216E65 /* AppDelegate.swift */; };
		88B2D1F526F5E2D500216E65 /* SceneDelegate.swift in Sources */ = {isa = PBXBuildFile; fileRef = 88B2D1F426F5E2D500216E65 /* SceneDelegate.swift */; };
		88B2D1F726F5E2D500216E65 /* ContentView.swift in Sources */ = {isa = PBXBuildFile; fileRef = 88B2D1F626F5E2D500216E65 /* ContentView.swift */; };
		88B2D1F926F5E2D600216E65 /* Assets.xcassets in Resources */ = {isa = PBXBuildFile; fileRef = 88B2D1F826F5E2D600216E65 /* Assets.xcassets */; };
		88B2D1FC26F5E2D600216E65 /* Preview Assets.xcassets in Resources */ = {isa = PBXBuildFile; fileRef = 88B2D1FB26F5E2D600216E65 /* Preview Assets.xcassets */; };
		88B2D1FF26F5E2D600216E65 /* LaunchScreen.storyboard in Resources */ = {isa = PBXBuildFile; fileRef = 88B2D1FD26F5E2D600216E65 /* LaunchScreen.storyboard */; };
		88B2D20726F5E30B00216E65 /* MyImagePicker.swift in Sources */ = {isa = PBXBuildFile; fileRef = 88B2D20626F5E30B00216E65 /* MyImagePicker.swift */; };
/* End PBXBuildFile section */

/* Begin PBXFileReference section */
		88B2D1EF26F5E2D500216E65 /* 23. SwiftUI-UIViewController+SwiftUI.app */ = {isa = PBXFileReference; explicitFileType = wrapper.application; includeInIndex = 0; path = "23. SwiftUI-UIViewController+SwiftUI.app"; sourceTree = BUILT_PRODUCTS_DIR; };
		88B2D1F226F5E2D500216E65 /* AppDelegate.swift */ = {isa = PBXFileReference; lastKnownFileType = sourcecode.swift; path = AppDelegate.swift; sourceTree = "<group>"; };
		88B2D1F426F5E2D500216E65 /* SceneDelegate.swift */ = {isa = PBXFileReference; lastKnownFileType = sourcecode.swift; path = SceneDelegate.swift; sourceTree = "<group>"; };
		88B2D1F626F5E2D500216E65 /* ContentView.swift */ = {isa = PBXFileReference; lastKnownFileType = sourcecode.swift; path = ContentView.swift; sourceTree = "<group>"; };
		88B2D1F826F5E2D600216E65 /* Assets.xcassets */ = {isa = PBXFileReference; lastKnownFileType = folder.assetcatalog; path = Assets.xcassets; sourceTree = "<group>"; };
		88B2D1FB26F5E2D600216E65 /* Preview Assets.xcassets */ = {isa = PBXFileReference; lastKnownFileType = folder.assetcatalog; path = "Preview Assets.xcassets"; sourceTree = "<group>"; };
		88B2D1FE26F5E2D600216E65 /* Base */ = {isa = PBXFileReference; lastKnownFileType = file.storyboard; name = Base; path = Base.lproj/LaunchScreen.storyboard; sourceTree = "<group>"; };
		88B2D20026F5E2D600216E65 /* Info.plist */ = {isa = PBXFileReference; lastKnownFileType = text.plist.xml; path = Info.plist; sourceTree = "<group>"; };
		88B2D20626F5E30B00216E65 /* MyImagePicker.swift */ = {isa = PBXFileReference; lastKnownFileType = sourcecode.swift; path = MyImagePicker.swift; sourceTree = "<group>"; };
/* End PBXFileReference section */

/* Begin PBXFrameworksBuildPhase section */
		88B2D1EC26F5E2D500216E65 /* Frameworks */ = {
			isa = PBXFrameworksBuildPhase;
			buildActionMask = 2147483647;
			files = (
			);
			runOnlyForDeploymentPostprocessing = 0;
		};
/* End PBXFrameworksBuildPhase section */

/* Begin PBXGroup section */
		88B2D1E626F5E2D500216E65 = {
			isa = PBXGroup;
			children = (
				88B2D1F126F5E2D500216E65 /* 23. SwiftUI-UIViewController+SwiftUI */,
				88B2D1F026F5E2D500216E65 /* Products */,
			);
			sourceTree = "<group>";
		};
		88B2D1F026F5E2D500216E65 /* Products */ = {
			isa = PBXGroup;
			children = (
				88B2D1EF26F5E2D500216E65 /* 23. SwiftUI-UIViewController+SwiftUI.app */,
			);
			name = Products;
			sourceTree = "<group>";
		};
		88B2D1F126F5E2D500216E65 /* 23. SwiftUI-UIViewController+SwiftUI */ = {
			isa = PBXGroup;
			children = (
				88B2D1F226F5E2D500216E65 /* AppDelegate.swift */,
				88B2D1F426F5E2D500216E65 /* SceneDelegate.swift */,
				88B2D1F626F5E2D500216E65 /* ContentView.swift */,
				88B2D1F826F5E2D600216E65 /* Assets.xcassets */,
				88B2D1FD26F5E2D600216E65 /* LaunchScreen.storyboard */,
				88B2D20026F5E2D600216E65 /* Info.plist */,
				88B2D1FA26F5E2D600216E65 /* Preview Content */,
				88B2D20626F5E30B00216E65 /* MyImagePicker.swift */,
			);
			path = "23. SwiftUI-UIViewController+SwiftUI";
			sourceTree = "<group>";
		};
		88B2D1FA26F5E2D600216E65 /* Preview Content */ = {
			isa = PBXGroup;
			children = (
				88B2D1FB26F5E2D600216E65 /* Preview Assets.xcassets */,
			);
			path = "Preview Content";
			sourceTree = "<group>";
		};
/* End PBXGroup section */

/* Begin PBXNativeTarget section */
		88B2D1EE26F5E2D500216E65 /* 23. SwiftUI-UIViewController+SwiftUI */ = {
			isa = PBXNativeTarget;
			buildConfigurationList = 88B2D20326F5E2D600216E65 /* Build configuration list for PBXNativeTarget "23. SwiftUI-UIViewController+SwiftUI" */;
			buildPhases = (
				88B2D1EB26F5E2D500216E65 /* Sources */,
				88B2D1EC26F5E2D500216E65 /* Frameworks */,
				88B2D1ED26F5E2D500216E65 /* Resources */,
			);
			buildRules = (
			);
			dependencies = (
			);
			name = "23. SwiftUI-UIViewController+SwiftUI";
			productName = "23. SwiftUI-UIViewController+SwiftUI";
			productReference = 88B2D1EF26F5E2D500216E65 /* 23. SwiftUI-UIViewController+SwiftUI.app */;
			productType = "com.apple.product-type.application";
		};
/* End PBXNativeTarget section */

/* Begin PBXProject section */
		88B2D1E726F5E2D500216E65 /* Project object */ = {
			isa = PBXProject;
			attributes = {
				LastSwiftUpdateCheck = 1140;
				LastUpgradeCheck = 1140;
				ORGANIZATIONNAME = Mirror;
				TargetAttributes = {
					88B2D1EE26F5E2D500216E65 = {
						CreatedOnToolsVersion = 11.4;
					};
				};
			};
			buildConfigurationList = 88B2D1EA26F5E2D500216E65 /* Build configuration list for PBXProject "23. SwiftUI-UIViewController+SwiftUI" */;
			compatibilityVersion = "Xcode 9.3";
			developmentRegion = en;
			hasScannedForEncodings = 0;
			knownRegions = (
				en,
				Base,
			);
			mainGroup = 88B2D1E626F5E2D500216E65;
			productRefGroup = 88B2D1F026F5E2D500216E65 /* Products */;
			projectDirPath = "";
			projectRoot = "";
			targets = (
				88B2D1EE26F5E2D500216E65 /* 23. SwiftUI-UIViewController+SwiftUI */,
			);
		};
/* End PBXProject section */

/* Begin PBXResourcesBuildPhase section */
		88B2D1ED26F5E2D500216E65 /* Resources */ = {
			isa = PBXResourcesBuildPhase;
			buildActionMask = 2147483647;
			files = (
				88B2D1FF26F5E2D600216E65 /* LaunchScreen.storyboard in Resources */,
				88B2D1FC26F5E2D600216E65 /* Preview Assets.xcassets in Resources */,
				88B2D1F926F5E2D600216E65 /* Assets.xcassets in Resources */,
			);
			runOnlyForDeploymentPostprocessing = 0;
		};
/* End PBXResourcesBuildPhase section */

/* Begin PBXSourcesBuildPhase section */
		88B2D1EB26F5E2D500216E65 /* Sources */ = {
			isa = PBXSourcesBuildPhase;
			buildActionMask = 2147483647;
			files = (
				88B2D1F326F5E2D500216E65 /* AppDelegate.swift in Sources */,
				88B2D20726F5E30B00216E65 /* MyImagePicker.swift in Sources */,
				88B2D1F526F5E2D500216E65 /* SceneDelegate.swift in Sources */,
				88B2D1F726F5E2D500216E65 /* ContentView.swift in Sources */,
			);
			runOnlyForDeploymentPostprocessing = 0;
		};
/* End PBXSourcesBuildPhase section */

/* Begin PBXVariantGroup section */
		88B2D1FD26F5E2D600216E65 /* LaunchScreen.storyboard */ = {
			isa = PBXVariantGroup;
			children = (
				88B2D1FE26F5E2D600216E65 /* Base */,
			);
			name = LaunchScreen.storyboard;
			sourceTree = "<group>";
		};
/* End PBXVariantGroup section */

/* Begin XCBuildConfiguration section */
		88B2D20126F5E2D600216E65 /* Debug */ = {
			isa = XCBuildConfiguration;
			buildSettings = {
				ALWAYS_SEARCH_USER_PATHS = NO;
				CLANG_ANALYZER_NONNULL = YES;
				CLANG_ANALYZER_NUMBER_OBJECT_CONVERSION = YES_AGGRESSIVE;
				CLANG_CXX_LANGUAGE_STANDARD = "gnu++14";
				CLANG_CXX_LIBRARY = "libc++";
				CLANG_ENABLE_MODULES = YES;
				CLANG_ENABLE_OBJC_ARC = YES;
				CLANG_ENABLE_OBJC_WEAK = YES;
				CLANG_WARN_BLOCK_CAPTURE_AUTORELEASING = YES;
				CLANG_WARN_BOOL_CONVERSION = YES;
				CLANG_WARN_COMMA = YES;
				CLANG_WARN_CONSTANT_CONVERSION = YES;
				CLANG_WARN_DEPRECATED_OBJC_IMPLEMENTATIONS = YES;
				CLANG_WARN_DIRECT_OBJC_ISA_USAGE = YES_ERROR;
				CLANG_WARN_DOCUMENTATION_COMMENTS = YES;
				CLANG_WARN_EMPTY_BODY = YES;
				CLANG_WARN_ENUM_CONVERSION = YES;
				CLANG_WARN_INFINITE_RECURSION = YES;
				CLANG_WARN_INT_CONVERSION = YES;
				CLANG_WARN_NON_LITERAL_NULL_CONVERSION = YES;
				CLANG_WARN_OBJC_IMPLICIT_RETAIN_SELF = YES;
				CLANG_WARN_OBJC_LITERAL_CONVERSION = YES;
				CLANG_WARN_OBJC_ROOT_CLASS = YES_ERROR;
				CLANG_WARN_RANGE_LOOP_ANALYSIS = YES;
				CLANG_WARN_STRICT_PROTOTYPES = YES;
				CLANG_WARN_SUSPICIOUS_MOVE = YES;
				CLANG_WARN_UNGUARDED_AVAILABILITY = YES_AGGRESSIVE;
				CLANG_WARN_UNREACHABLE_CODE = YES;
				CLANG_WARN__DUPLICATE_METHOD_MATCH = YES;
				COPY_PHASE_STRIP = NO;
				DEBUG_INFORMATION_FORMAT = dwarf;
				ENABLE_STRICT_OBJC_MSGSEND = YES;
				ENABLE_TESTABILITY = YES;
				GCC_C_LANGUAGE_STANDARD = gnu11;
				GCC_DYNAMIC_NO_PIC = NO;
				GCC_NO_COMMON_BLOCKS = YES;
				GCC_OPTIMIZATION_LEVEL = 0;
				GCC_PREPROCESSOR_DEFINITIONS = (
					"DEBUG=1",
					"$(inherited)",
				);
				GCC_WARN_64_TO_32_BIT_CONVERSION = YES;
				GCC_WARN_ABOUT_RETURN_TYPE = YES_ERROR;
				GCC_WARN_UNDECLARED_SELECTOR = YES;
				GCC_WARN_UNINITIALIZED_AUTOS = YES_AGGRESSIVE;
				GCC_WARN_UNUSED_FUNCTION = YES;
				GCC_WARN_UNUSED_VARIABLE = YES;
				IPHONEOS_DEPLOYMENT_TARGET = 13.4;
				MTL_ENABLE_DEBUG_INFO = INCLUDE_SOURCE;
				MTL_FAST_MATH = YES;
				ONLY_ACTIVE_ARCH = YES;
				SDKROOT = iphoneos;
				SWIFT_ACTIVE_COMPILATION_CONDITIONS = DEBUG;
				SWIFT_OPTIMIZATION_LEVEL = "-Onone";
			};
			name = Debug;
		};
		88B2D20226F5E2D600216E65 /* Release */ = {
			isa = XCBuildConfiguration;
			buildSettings = {
				ALWAYS_SEARCH_USER_PATHS = NO;
				CLANG_ANALYZER_NONNULL = YES;
				CLANG_ANALYZER_NUMBER_OBJECT_CONVERSION = YES_AGGRESSIVE;
				CLANG_CXX_LANGUAGE_STANDARD = "gnu++14";
				CLANG_CXX_LIBRARY = "libc++";
				CLANG_ENABLE_MODULES = YES;
				CLANG_ENABLE_OBJC_ARC = YES;
				CLANG_ENABLE_OBJC_WEAK = YES;
				CLANG_WARN_BLOCK_CAPTURE_AUTORELEASING = YES;
				CLANG_WARN_BOOL_CONVERSION = YES;
				CLANG_WARN_COMMA = YES;
				CLANG_WARN_CONSTANT_CONVERSION = YES;
				CLANG_WARN_DEPRECATED_OBJC_IMPLEMENTATIONS = YES;
				CLANG_WARN_DIRECT_OBJC_ISA_USAGE = YES_ERROR;
				CLANG_WARN_DOCUMENTATION_COMMENTS = YES;
				CLANG_WARN_EMPTY_BODY = YES;
				CLANG_WARN_ENUM_CONVERSION = YES;
				CLANG_WARN_INFINITE_RECURSION = YES;
				CLANG_WARN_INT_CONVERSION = YES;
				CLANG_WARN_NON_LITERAL_NULL_CONVERSION = YES;
				CLANG_WARN_OBJC_IMPLICIT_RETAIN_SELF = YES;
				CLANG_WARN_OBJC_LITERAL_CONVERSION = YES;
				CLANG_WARN_OBJC_ROOT_CLASS = YES_ERROR;
				CLANG_WARN_RANGE_LOOP_ANALYSIS = YES;
				CLANG_WARN_STRICT_PROTOTYPES = YES;
				CLANG_WARN_SUSPICIOUS_MOVE = YES;
				CLANG_WARN_UNGUARDED_AVAILABILITY = YES_AGGRESSIVE;
				CLANG_WARN_UNREACHABLE_CODE = YES;
				CLANG_WARN__DUPLICATE_METHOD_MATCH = YES;
				COPY_PHASE_STRIP = NO;
				DEBUG_INFORMATION_FORMAT = "dwarf-with-dsym";
				ENABLE_NS_ASSERTIONS = NO;
				ENABLE_STRICT_OBJC_MSGSEND = YES;
				GCC_C_LANGUAGE_STANDARD = gnu11;
				GCC_NO_COMMON_BLOCKS = YES;
				GCC_WARN_64_TO_32_BIT_CONVERSION = YES;
				GCC_WARN_ABOUT_RETURN_TYPE = YES_ERROR;
				GCC_WARN_UNDECLARED_SELECTOR = YES;
				GCC_WARN_UNINITIALIZED_AUTOS = YES_AGGRESSIVE;
				GCC_WARN_UNUSED_FUNCTION = YES;
				GCC_WARN_UNUSED_VARIABLE = YES;
				IPHONEOS_DEPLOYMENT_TARGET = 13.4;
				MTL_ENABLE_DEBUG_INFO = NO;
				MTL_FAST_MATH = YES;
				SDKROOT = iphoneos;
				SWIFT_COMPILATION_MODE = wholemodule;
				SWIFT_OPTIMIZATION_LEVEL = "-O";
				VALIDATE_PRODUCT = YES;
			};
			name = Release;
		};
		88B2D20426F5E2D600216E65 /* Debug */ = {
			isa = XCBuildConfiguration;
			buildSettings = {
				ASSETCATALOG_COMPILER_APPICON_NAME = AppIcon;
				CODE_SIGN_STYLE = Automatic;
				DEVELOPMENT_ASSET_PATHS = "\"23. SwiftUI-UIViewController+SwiftUI/Preview Content\"";
				ENABLE_PREVIEWS = YES;
				INFOPLIST_FILE = "23. SwiftUI-UIViewController+SwiftUI/Info.plist";
				LD_RUNPATH_SEARCH_PATHS = (
					"$(inherited)",
					"@executable_path/Frameworks",
				);
				PRODUCT_BUNDLE_IDENTIFIER = "com.-3--SwiftUI-UIViewController-SwiftUI";
				PRODUCT_NAME = "$(TARGET_NAME)";
				SWIFT_VERSION = 5.0;
				TARGETED_DEVICE_FAMILY = "1,2";
			};
			name = Debug;
		};
		88B2D20526F5E2D600216E65 /* Release */ = {
			isa = XCBuildConfiguration;
			buildSettings = {
				ASSETCATALOG_COMPILER_APPICON_NAME = AppIcon;
				CODE_SIGN_STYLE = Automatic;
				DEVELOPMENT_ASSET_PATHS = "\"23. SwiftUI-UIViewController+SwiftUI/Preview Content\"";
				ENABLE_PREVIEWS = YES;
				INFOPLIST_FILE = "23. SwiftUI-UIViewController+SwiftUI/Info.plist";
				LD_RUNPATH_SEARCH_PATHS = (
					"$(inherited)",
					"@executable_path/Frameworks",
				);
				PRODUCT_BUNDLE_IDENTIFIER = "com.-3--SwiftUI-UIViewController-SwiftUI";
				PRODUCT_NAME = "$(TARGET_NAME)";
				SWIFT_VERSION = 5.0;
				TARGETED_DEVICE_FAMILY = "1,2";
			};
			name = Release;
		};
/* End XCBuildConfiguration section */

/* Begin XCConfigurationList section */
		88B2D1EA26F5E2D500216E65 /* Build configuration list for PBXProject "23. SwiftUI-UIViewController+SwiftUI" */ = {
			isa = XCConfigurationList;
			buildConfigurations = (
				88B2D20126F5E2D600216E65 /* Debug */,
				88B2D20226F5E2D600216E65 /* Release */,
			);
			defaultConfigurationIsVisible = 0;
			defaultConfigurationName = Release;
		};
		88B2D20326F5E2D600216E65 /* Build configuration list for PBXNativeTarget "23. SwiftUI-UIViewController+SwiftUI" */ = {
			isa = XCConfigurationList;
			buildConfigurations = (
				88B2D20426F5E2D600216E65 /* Debug */,
				88B2D20526F5E2D600216E65 /* Release */,
			);
			defaultConfigurationIsVisible = 0;
			defaultConfigurationName = Release;
		};
/* End XCConfigurationList section */
	};
	rootObject = 88B2D1E726F5E2D500216E65 /* Project object */;
}
