// !$*UTF8*$!
{
	archiveVersion = 1;
	classes = {
	};
	objectVersion = 50;
	objects = {

/* Begin PBXBuildFile section */
		88B58E0826EDAF860004531F /* AppDelegate.swift in Sources */ = {isa = PBXBuildFile; fileRef = 88B58E0726EDAF860004531F /* AppDelegate.swift */; };
		88B58E0A26EDAF860004531F /* SceneDelegate.swift in Sources */ = {isa = PBXBuildFile; fileRef = 88B58E0926EDAF860004531F /* SceneDelegate.swift */; };
		88B58E0C26EDAF860004531F /* ContentView.swift in Sources */ = {isa = PBXBuildFile; fileRef = 88B58E0B26EDAF860004531F /* ContentView.swift */; };
		88B58E0E26EDAF870004531F /* Assets.xcassets in Resources */ = {isa = PBXBuildFile; fileRef = 88B58E0D26EDAF870004531F /* Assets.xcassets */; };
		88B58E1126EDAF870004531F /* Preview Assets.xcassets in Resources */ = {isa = PBXBuildFile; fileRef = 88B58E1026EDAF870004531F /* Preview Assets.xcassets */; };
		88B58E1426EDAF870004531F /* LaunchScreen.storyboard in Resources */ = {isa = PBXBuildFile; fileRef = 88B58E1226EDAF870004531F /* LaunchScreen.storyboard */; };
/* End PBXBuildFile section */

/* Begin PBXFileReference section */
		88B58E0426EDAF860004531F /* 19. SwiftUI-Animation.app */ = {isa = PBXFileReference; explicitFileType = wrapper.application; includeInIndex = 0; path = "19. SwiftUI-Animation.app"; sourceTree = BUILT_PRODUCTS_DIR; };
		88B58E0726EDAF860004531F /* AppDelegate.swift */ = {isa = PBXFileReference; lastKnownFileType = sourcecode.swift; path = AppDelegate.swift; sourceTree = "<group>"; };
		88B58E0926EDAF860004531F /* SceneDelegate.swift */ = {isa = PBXFileReference; lastKnownFileType = sourcecode.swift; path = SceneDelegate.swift; sourceTree = "<group>"; };
		88B58E0B26EDAF860004531F /* ContentView.swift */ = {isa = PBXFileReference; lastKnownFileType = sourcecode.swift; path = ContentView.swift; sourceTree = "<group>"; };
		88B58E0D26EDAF870004531F /* Assets.xcassets */ = {isa = PBXFileReference; lastKnownFileType = folder.assetcatalog; path = Assets.xcassets; sourceTree = "<group>"; };
		88B58E1026EDAF870004531F /* Preview Assets.xcassets */ = {isa = PBXFileReference; lastKnownFileType = folder.assetcatalog; path = "Preview Assets.xcassets"; sourceTree = "<group>"; };
		88B58E1326EDAF870004531F /* Base */ = {isa = PBXFileReference; lastKnownFileType = file.storyboard; name = Base; path = Base.lproj/LaunchScreen.storyboard; sourceTree = "<group>"; };
		88B58E1526EDAF870004531F /* Info.plist */ = {isa = PBXFileReference; lastKnownFileType = text.plist.xml; path = Info.plist; sourceTree = "<group>"; };
/* End PBXFileReference section */

/* Begin PBXFrameworksBuildPhase section */
		88B58E0126EDAF860004531F /* Frameworks */ = {
			isa = PBXFrameworksBuildPhase;
			buildActionMask = 2147483647;
			files = (
			);
			runOnlyForDeploymentPostprocessing = 0;
		};
/* End PBXFrameworksBuildPhase section */

/* Begin PBXGroup section */
		88B58DFB26EDAF860004531F = {
			isa = PBXGroup;
			children = (
				88B58E0626EDAF860004531F /* 19. SwiftUI-Animation */,
				88B58E0526EDAF860004531F /* Products */,
			);
			sourceTree = "<group>";
		};
		88B58E0526EDAF860004531F /* Products */ = {
			isa = PBXGroup;
			children = (
				88B58E0426EDAF860004531F /* 19. SwiftUI-Animation.app */,
			);
			name = Products;
			sourceTree = "<group>";
		};
		88B58E0626EDAF860004531F /* 19. SwiftUI-Animation */ = {
			isa = PBXGroup;
			children = (
				88B58E0726EDAF860004531F /* AppDelegate.swift */,
				88B58E0926EDAF860004531F /* SceneDelegate.swift */,
				88B58E0B26EDAF860004531F /* ContentView.swift */,
				88B58E0D26EDAF870004531F /* Assets.xcassets */,
				88B58E1226EDAF870004531F /* LaunchScreen.storyboard */,
				88B58E1526EDAF870004531F /* Info.plist */,
				88B58E0F26EDAF870004531F /* Preview Content */,
			);
			path = "19. SwiftUI-Animation";
			sourceTree = "<group>";
		};
		88B58E0F26EDAF870004531F /* Preview Content */ = {
			isa = PBXGroup;
			children = (
				88B58E1026EDAF870004531F /* Preview Assets.xcassets */,
			);
			path = "Preview Content";
			sourceTree = "<group>";
		};
/* End PBXGroup section */

/* Begin PBXNativeTarget section */
		88B58E0326EDAF860004531F /* 19. SwiftUI-Animation */ = {
			isa = PBXNativeTarget;
			buildConfigurationList = 88B58E1826EDAF870004531F /* Build configuration list for PBXNativeTarget "19. SwiftUI-Animation" */;
			buildPhases = (
				88B58E0026EDAF860004531F /* Sources */,
				88B58E0126EDAF860004531F /* Frameworks */,
				88B58E0226EDAF860004531F /* Resources */,
			);
			buildRules = (
			);
			dependencies = (
			);
			name = "19. SwiftUI-Animation";
			productName = "19. SwiftUI-Animation";
			productReference = 88B58E0426EDAF860004531F /* 19. SwiftUI-Animation.app */;
			productType = "com.apple.product-type.application";
		};
/* End PBXNativeTarget section */

/* Begin PBXProject section */
		88B58DFC26EDAF860004531F /* Project object */ = {
			isa = PBXProject;
			attributes = {
				LastSwiftUpdateCheck = 1140;
				LastUpgradeCheck = 1140;
				ORGANIZATIONNAME = Mirror;
				TargetAttributes = {
					88B58E0326EDAF860004531F = {
						CreatedOnToolsVersion = 11.4;
					};
				};
			};
			buildConfigurationList = 88B58DFF26EDAF860004531F /* Build configuration list for PBXProject "19. SwiftUI-Animation" */;
			compatibilityVersion = "Xcode 9.3";
			developmentRegion = en;
			hasScannedForEncodings = 0;
			knownRegions = (
				en,
				Base,
			);
			mainGroup = 88B58DFB26EDAF860004531F;
			productRefGroup = 88B58E0526EDAF860004531F /* Products */;
			projectDirPath = "";
			projectRoot = "";
			targets = (
				88B58E0326EDAF860004531F /* 19. SwiftUI-Animation */,
			);
		};
/* End PBXProject section */

/* Begin PBXResourcesBuildPhase section */
		88B58E0226EDAF860004531F /* Resources */ = {
			isa = PBXResourcesBuildPhase;
			buildActionMask = 2147483647;
			files = (
				88B58E1426EDAF870004531F /* LaunchScreen.storyboard in Resources */,
				88B58E1126EDAF870004531F /* Preview Assets.xcassets in Resources */,
				88B58E0E26EDAF870004531F /* Assets.xcassets in Resources */,
			);
			runOnlyForDeploymentPostprocessing = 0;
		};
/* End PBXResourcesBuildPhase section */

/* Begin PBXSourcesBuildPhase section */
		88B58E0026EDAF860004531F /* Sources */ = {
			isa = PBXSourcesBuildPhase;
			buildActionMask = 2147483647;
			files = (
				88B58E0826EDAF860004531F /* AppDelegate.swift in Sources */,
				88B58E0A26EDAF860004531F /* SceneDelegate.swift in Sources */,
				88B58E0C26EDAF860004531F /* ContentView.swift in Sources */,
			);
			runOnlyForDeploymentPostprocessing = 0;
		};
/* End PBXSourcesBuildPhase section */

/* Begin PBXVariantGroup section */
		88B58E1226EDAF870004531F /* LaunchScreen.storyboard */ = {
			isa = PBXVariantGroup;
			children = (
				88B58E1326EDAF870004531F /* Base */,
			);
			name = LaunchScreen.storyboard;
			sourceTree = "<group>";
		};
/* End PBXVariantGroup section */

/* Begin XCBuildConfiguration section */
		88B58E1626EDAF870004531F /* Debug */ = {
			isa = XCBuildConfiguration;
			buildSettings = {
				ALWAYS_SEARCH_USER_PATHS = NO;
				CLANG_ANALYZER_NONNULL = YES;
				CLANG_ANALYZER_NUMBER_OBJECT_CONVERSION = YES_AGGRESSIVE;
				CLANG_CXX_LANGUAGE_STANDARD = "gnu++14";
				CLANG_CXX_LIBRARY = "libc++";
				CLANG_ENABLE_MODULES = YES;
				CLANG_ENABLE_OBJC_ARC = YES;
				CLANG_ENABLE_OBJC_WEAK = YES;
				CLANG_WARN_BLOCK_CAPTURE_AUTORELEASING = YES;
				CLANG_WARN_BOOL_CONVERSION = YES;
				CLANG_WARN_COMMA = YES;
				CLANG_WARN_CONSTANT_CONVERSION = YES;
				CLANG_WARN_DEPRECATED_OBJC_IMPLEMENTATIONS = YES;
				CLANG_WARN_DIRECT_OBJC_ISA_USAGE = YES_ERROR;
				CLANG_WARN_DOCUMENTATION_COMMENTS = YES;
				CLANG_WARN_EMPTY_BODY = YES;
				CLANG_WARN_ENUM_CONVERSION = YES;
				CLANG_WARN_INFINITE_RECURSION = YES;
				CLANG_WARN_INT_CONVERSION = YES;
				CLANG_WARN_NON_LITERAL_NULL_CONVERSION = YES;
				CLANG_WARN_OBJC_IMPLICIT_RETAIN_SELF = YES;
				CLANG_WARN_OBJC_LITERAL_CONVERSION = YES;
				CLANG_WARN_OBJC_ROOT_CLASS = YES_ERROR;
				CLANG_WARN_RANGE_LOOP_ANALYSIS = YES;
				CLANG_WARN_STRICT_PROTOTYPES = YES;
				CLANG_WARN_SUSPICIOUS_MOVE = YES;
				CLANG_WARN_UNGUARDED_AVAILABILITY = YES_AGGRESSIVE;
				CLANG_WARN_UNREACHABLE_CODE = YES;
				CLANG_WARN__DUPLICATE_METHOD_MATCH = YES;
				COPY_PHASE_STRIP = NO;
				DEBUG_INFORMATION_FORMAT = dwarf;
				ENABLE_STRICT_OBJC_MSGSEND = YES;
				ENABLE_TESTABILITY = YES;
				GCC_C_LANGUAGE_STANDARD = gnu11;
				GCC_DYNAMIC_NO_PIC = NO;
				GCC_NO_COMMON_BLOCKS = YES;
				GCC_OPTIMIZATION_LEVEL = 0;
				GCC_PREPROCESSOR_DEFINITIONS = (
					"DEBUG=1",
					"$(inherited)",
				);
				GCC_WARN_64_TO_32_BIT_CONVERSION = YES;
				GCC_WARN_ABOUT_RETURN_TYPE = YES_ERROR;
				GCC_WARN_UNDECLARED_SELECTOR = YES;
				GCC_WARN_UNINITIALIZED_AUTOS = YES_AGGRESSIVE;
				GCC_WARN_UNUSED_FUNCTION = YES;
				GCC_WARN_UNUSED_VARIABLE = YES;
				IPHONEOS_DEPLOYMENT_TARGET = 13.4;
				MTL_ENABLE_DEBUG_INFO = INCLUDE_SOURCE;
				MTL_FAST_MATH = YES;
				ONLY_ACTIVE_ARCH = YES;
				SDKROOT = iphoneos;
				SWIFT_ACTIVE_COMPILATION_CONDITIONS = DEBUG;
				SWIFT_OPTIMIZATION_LEVEL = "-Onone";
			};
			name = Debug;
		};
		88B58E1726EDAF870004531F /* Release */ = {
			isa = XCBuildConfiguration;
			buildSettings = {
				ALWAYS_SEARCH_USER_PATHS = NO;
				CLANG_ANALYZER_NONNULL = YES;
				CLANG_ANALYZER_NUMBER_OBJECT_CONVERSION = YES_AGGRESSIVE;
				CLANG_CXX_LANGUAGE_STANDARD = "gnu++14";
				CLANG_CXX_LIBRARY = "libc++";
				CLANG_ENABLE_MODULES = YES;
				CLANG_ENABLE_OBJC_ARC = YES;
				CLANG_ENABLE_OBJC_WEAK = YES;
				CLANG_WARN_BLOCK_CAPTURE_AUTORELEASING = YES;
				CLANG_WARN_BOOL_CONVERSION = YES;
				CLANG_WARN_COMMA = YES;
				CLANG_WARN_CONSTANT_CONVERSION = YES;
				CLANG_WARN_DEPRECATED_OBJC_IMPLEMENTATIONS = YES;
				CLANG_WARN_DIRECT_OBJC_ISA_USAGE = YES_ERROR;
				CLANG_WARN_DOCUMENTATION_COMMENTS = YES;
				CLANG_WARN_EMPTY_BODY = YES;
				CLANG_WARN_ENUM_CONVERSION = YES;
				CLANG_WARN_INFINITE_RECURSION = YES;
				CLANG_WARN_INT_CONVERSION = YES;
				CLANG_WARN_NON_LITERAL_NULL_CONVERSION = YES;
				CLANG_WARN_OBJC_IMPLICIT_RETAIN_SELF = YES;
				CLANG_WARN_OBJC_LITERAL_CONVERSION = YES;
				CLANG_WARN_OBJC_ROOT_CLASS = YES_ERROR;
				CLANG_WARN_RANGE_LOOP_ANALYSIS = YES;
				CLANG_WARN_STRICT_PROTOTYPES = YES;
				CLANG_WARN_SUSPICIOUS_MOVE = YES;
				CLANG_WARN_UNGUARDED_AVAILABILITY = YES_AGGRESSIVE;
				CLANG_WARN_UNREACHABLE_CODE = YES;
				CLANG_WARN__DUPLICATE_METHOD_MATCH = YES;
				COPY_PHASE_STRIP = NO;
				DEBUG_INFORMATION_FORMAT = "dwarf-with-dsym";
				ENABLE_NS_ASSERTIONS = NO;
				ENABLE_STRICT_OBJC_MSGSEND = YES;
				GCC_C_LANGUAGE_STANDARD = gnu11;
				GCC_NO_COMMON_BLOCKS = YES;
				GCC_WARN_64_TO_32_BIT_CONVERSION = YES;
				GCC_WARN_ABOUT_RETURN_TYPE = YES_ERROR;
				GCC_WARN_UNDECLARED_SELECTOR = YES;
				GCC_WARN_UNINITIALIZED_AUTOS = YES_AGGRESSIVE;
				GCC_WARN_UNUSED_FUNCTION = YES;
				GCC_WARN_UNUSED_VARIABLE = YES;
				IPHONEOS_DEPLOYMENT_TARGET = 13.4;
				MTL_ENABLE_DEBUG_INFO = NO;
				MTL_FAST_MATH = YES;
				SDKROOT = iphoneos;
				SWIFT_COMPILATION_MODE = wholemodule;
				SWIFT_OPTIMIZATION_LEVEL = "-O";
				VALIDATE_PRODUCT = YES;
			};
			name = Release;
		};
		88B58E1926EDAF870004531F /* Debug */ = {
			isa = XCBuildConfiguration;
			buildSettings = {
				ASSETCATALOG_COMPILER_APPICON_NAME = AppIcon;
				CODE_SIGN_STYLE = Automatic;
				DEVELOPMENT_ASSET_PATHS = "\"19. SwiftUI-Animation/Preview Content\"";
				ENABLE_PREVIEWS = YES;
				INFOPLIST_FILE = "19. SwiftUI-Animation/Info.plist";
				LD_RUNPATH_SEARCH_PATHS = (
					"$(inherited)",
					"@executable_path/Frameworks",
				);
				PRODUCT_BUNDLE_IDENTIFIER = "com.-9--SwiftUI-Animation";
				PRODUCT_NAME = "$(TARGET_NAME)";
				SWIFT_VERSION = 5.0;
				TARGETED_DEVICE_FAMILY = "1,2";
			};
			name = Debug;
		};
		88B58E1A26EDAF870004531F /* Release */ = {
			isa = XCBuildConfiguration;
			buildSettings = {
				ASSETCATALOG_COMPILER_APPICON_NAME = AppIcon;
				CODE_SIGN_STYLE = Automatic;
				DEVELOPMENT_ASSET_PATHS = "\"19. SwiftUI-Animation/Preview Content\"";
				ENABLE_PREVIEWS = YES;
				INFOPLIST_FILE = "19. SwiftUI-Animation/Info.plist";
				LD_RUNPATH_SEARCH_PATHS = (
					"$(inherited)",
					"@executable_path/Frameworks",
				);
				PRODUCT_BUNDLE_IDENTIFIER = "com.-9--SwiftUI-Animation";
				PRODUCT_NAME = "$(TARGET_NAME)";
				SWIFT_VERSION = 5.0;
				TARGETED_DEVICE_FAMILY = "1,2";
			};
			name = Release;
		};
/* End XCBuildConfiguration section */

/* Begin XCConfigurationList section */
		88B58DFF26EDAF860004531F /* Build configuration list for PBXProject "19. SwiftUI-Animation" */ = {
			isa = XCConfigurationList;
			buildConfigurations = (
				88B58E1626EDAF870004531F /* Debug */,
				88B58E1726EDAF870004531F /* Release */,
			);
			defaultConfigurationIsVisible = 0;
			defaultConfigurationName = Release;
		};
		88B58E1826EDAF870004531F /* Build configuration list for PBXNativeTarget "19. SwiftUI-Animation" */ = {
			isa = XCConfigurationList;
			buildConfigurations = (
				88B58E1926EDAF870004531F /* Debug */,
				88B58E1A26EDAF870004531F /* Release */,
			);
			defaultConfigurationIsVisible = 0;
			defaultConfigurationName = Release;
		};
/* End XCConfigurationList section */
	};
	rootObject = 88B58DFC26EDAF860004531F /* Project object */;
}
